// !$*UTF8*$!
{
	archiveVersion = 1;
	classes = {
	};
	objectVersion = 46;
	objects = {

/* Begin PBXBuildFile section */
		2F0136961BCFD744008BAD9D /* IntroViewController.swift in Sources */ = {isa = PBXBuildFile; fileRef = 2F0136951BCFD744008BAD9D /* IntroViewController.swift */; };
		2F0136981BCFD82E008BAD9D /* IntroView.xib in Resources */ = {isa = PBXBuildFile; fileRef = 2F0136971BCFD82E008BAD9D /* IntroView.xib */; };
		2F01369A1BCFDA98008BAD9D /* RoundedBorderButton.swift in Sources */ = {isa = PBXBuildFile; fileRef = 2F0136991BCFDA98008BAD9D /* RoundedBorderButton.swift */; };
		2F01369F1BD1029A008BAD9D /* ContactsTableViewController.swift in Sources */ = {isa = PBXBuildFile; fileRef = 2F01369E1BD1029A008BAD9D /* ContactsTableViewController.swift */; };
		2F0136A11BD10422008BAD9D /* ContactTableViewCell.swift in Sources */ = {isa = PBXBuildFile; fileRef = 2F0136A01BD10422008BAD9D /* ContactTableViewCell.swift */; };
		2F0136A31BD10EE4008BAD9D /* TwitterAPICommunicator.swift in Sources */ = {isa = PBXBuildFile; fileRef = 2F0136A21BD10EE4008BAD9D /* TwitterAPICommunicator.swift */; };
		2F0136A51BD11C87008BAD9D /* UserTwitterStatusManager.swift in Sources */ = {isa = PBXBuildFile; fileRef = 2F0136A41BD11C87008BAD9D /* UserTwitterStatusManager.swift */; };
		2F041D541BCA7D24009985EB /* ErrorHandler.swift in Sources */ = {isa = PBXBuildFile; fileRef = 2F041D531BCA7D24009985EB /* ErrorHandler.swift */; };
		2F0580571BC02FBC00600B8B /* HandlerDatabaseModel.xcdatamodel in Sources */ = {isa = PBXBuildFile; fileRef = 2F0580561BC02FBC00600B8B /* HandlerDatabaseModel.xcdatamodel */; };
		2F090CC01BC8397000F00893 /* UTI.swift in Sources */ = {isa = PBXBuildFile; fileRef = 2F090CBF1BC8397000F00893 /* UTI.swift */; };
		2F09DB1F1BC69CEC00B81FE2 /* AttachmentThumbnailView.xib in Resources */ = {isa = PBXBuildFile; fileRef = 2F09DB1E1BC69CEC00B81FE2 /* AttachmentThumbnailView.xib */; };
		2F09DB241BC69F3F00B81FE2 /* AttachmentThumbnailCollectionViewCell.swift in Sources */ = {isa = PBXBuildFile; fileRef = 2F09DB231BC69F3F00B81FE2 /* AttachmentThumbnailCollectionViewCell.swift */; };
		2F09DB261BC6A0A300B81FE2 /* MessageAttachmentsTableViewCell.swift in Sources */ = {isa = PBXBuildFile; fileRef = 2F09DB251BC6A0A300B81FE2 /* MessageAttachmentsTableViewCell.swift */; };
		2F1D2C301BBBF83600A504A8 /* MessageActionsAlertController.swift in Sources */ = {isa = PBXBuildFile; fileRef = 2F1D2C2F1BBBF83600A504A8 /* MessageActionsAlertController.swift */; };
		2F1D2C371BBC3DCA00A504A8 /* ContactCardViewController.swift in Sources */ = {isa = PBXBuildFile; fileRef = 2F1D2C351BBC3DCA00A504A8 /* ContactCardViewController.swift */; };
		2F1D2C381BBC3DCA00A504A8 /* ContactCardViewController.xib in Resources */ = {isa = PBXBuildFile; fileRef = 2F1D2C361BBC3DCA00A504A8 /* ContactCardViewController.xib */; };
		2F1D2C3B1BBC477000A504A8 /* SendInvitationViewController.swift in Sources */ = {isa = PBXBuildFile; fileRef = 2F1D2C391BBC477000A504A8 /* SendInvitationViewController.swift */; };
		2F1D2C3C1BBC477000A504A8 /* SendInvitationViewController.xib in Resources */ = {isa = PBXBuildFile; fileRef = 2F1D2C3A1BBC477000A504A8 /* SendInvitationViewController.xib */; };
		2F1D2C3F1BBC48E600A504A8 /* ErrorPopupViewController.swift in Sources */ = {isa = PBXBuildFile; fileRef = 2F1D2C3D1BBC48E600A504A8 /* ErrorPopupViewController.swift */; };
		2F1D2C401BBC48E600A504A8 /* ErrorPopupViewController.xib in Resources */ = {isa = PBXBuildFile; fileRef = 2F1D2C3E1BBC48E600A504A8 /* ErrorPopupViewController.xib */; };
		2F1DACF21BC7EFC500FB6173 /* AddAttachmentView.xib in Resources */ = {isa = PBXBuildFile; fileRef = 2F1DACF11BC7EFC500FB6173 /* AddAttachmentView.xib */; };
		2F41F3141BB357B6003276E0 /* MessageDetailViewController.swift in Sources */ = {isa = PBXBuildFile; fileRef = 2F41F3131BB357B6003276E0 /* MessageDetailViewController.swift */; };
		2F43E0B11BDA4A5A00C68E1D /* LaunchScreen.xib in Resources */ = {isa = PBXBuildFile; fileRef = DF1FD2E61B62360600A58B71 /* LaunchScreen.xib */; };
		2F43E0BB1BDA4A8C00C68E1D /* APIKit.framework.dSYM in Carthage Dsyms */ = {isa = PBXBuildFile; fileRef = 2F43E0B31BDA4A8C00C68E1D /* APIKit.framework.dSYM */; };
		2F43E0BC1BDA4A8C00C68E1D /* Async.framework.dSYM in Carthage Dsyms */ = {isa = PBXBuildFile; fileRef = 2F43E0B41BDA4A8C00C68E1D /* Async.framework.dSYM */; };
		2F43E0BD1BDA4A8C00C68E1D /* Bond.framework.dSYM in Carthage Dsyms */ = {isa = PBXBuildFile; fileRef = 2F43E0B51BDA4A8C00C68E1D /* Bond.framework.dSYM */; };
		2F43E0BE1BDA4A8C00C68E1D /* DZNEmptyDataSet.framework.dSYM in Carthage Dsyms */ = {isa = PBXBuildFile; fileRef = 2F43E0B61BDA4A8C00C68E1D /* DZNEmptyDataSet.framework.dSYM */; };
		2F43E0BF1BDA4A8C00C68E1D /* KeychainAccess.framework.dSYM in Carthage Dsyms */ = {isa = PBXBuildFile; fileRef = 2F43E0B71BDA4A8C00C68E1D /* KeychainAccess.framework.dSYM */; };
		2F43E0C01BDA4A8C00C68E1D /* Kingfisher.framework.dSYM in Carthage Dsyms */ = {isa = PBXBuildFile; fileRef = 2F43E0B81BDA4A8C00C68E1D /* Kingfisher.framework.dSYM */; };
		2F43E0C11BDA4A8C00C68E1D /* Result.framework.dSYM in Carthage Dsyms */ = {isa = PBXBuildFile; fileRef = 2F43E0B91BDA4A8C00C68E1D /* Result.framework.dSYM */; };
		2F43E0C21BDA4A8C00C68E1D /* SwiftyJSON.framework.dSYM in Carthage Dsyms */ = {isa = PBXBuildFile; fileRef = 2F43E0BA1BDA4A8C00C68E1D /* SwiftyJSON.framework.dSYM */; };
		2F4E414D1BB061C500AA2DEF /* SideMenuViewController.swift in Sources */ = {isa = PBXBuildFile; fileRef = 2F4E414C1BB061C500AA2DEF /* SideMenuViewController.swift */; };
		2F4E41551BB08A3200AA2DEF /* SSASideMenu.swift in Sources */ = {isa = PBXBuildFile; fileRef = 2F4E41541BB08A3200AA2DEF /* SSASideMenu.swift */; };
		2F4E41571BB0977C00AA2DEF /* UIButton+ImageFitting.swift in Sources */ = {isa = PBXBuildFile; fileRef = 2F4E41561BB0977C00AA2DEF /* UIButton+ImageFitting.swift */; };
		2F4E415E1BB0A13700AA2DEF /* MessageTableViewCell.swift in Sources */ = {isa = PBXBuildFile; fileRef = 2F4E415D1BB0A13700AA2DEF /* MessageTableViewCell.swift */; };
		2F4E41611BB0AC4A00AA2DEF /* CALayer+Extensions.swift in Sources */ = {isa = PBXBuildFile; fileRef = 2F4E41601BB0AC4A00AA2DEF /* CALayer+Extensions.swift */; };
		2F4E41631BB0AC7300AA2DEF /* GradientNavigationController.swift in Sources */ = {isa = PBXBuildFile; fileRef = 2F4E41621BB0AC7300AA2DEF /* GradientNavigationController.swift */; };
		2F51BCA71BC9AFA80024397B /* Extensions.swift in Sources */ = {isa = PBXBuildFile; fileRef = 2F51BCA61BC9AFA80024397B /* Extensions.swift */; };
		2F6112811BC12F1E0003071B /* UploadManager.swift in Sources */ = {isa = PBXBuildFile; fileRef = 2F6112801BC12F1E0003071B /* UploadManager.swift */; };
		2F76D4D01BB48F1600235A95 /* MailboxObserversManager.swift in Sources */ = {isa = PBXBuildFile; fileRef = 2F76D4CF1BB48F1600235A95 /* MailboxObserversManager.swift */; };
		2F7B0CFD1BFDC8910015C43A /* InboxFormatter.swift in Sources */ = {isa = PBXBuildFile; fileRef = 2F7B0CFC1BFDC8910015C43A /* InboxFormatter.swift */; };
		2F7B0CFF1BFDCAB30015C43A /* FormatterProtocols.swift in Sources */ = {isa = PBXBuildFile; fileRef = 2F7B0CFE1BFDCAB30015C43A /* FormatterProtocols.swift */; };
		2F7B0D011BFDCB230015C43A /* FormattingPluginProvider.swift in Sources */ = {isa = PBXBuildFile; fileRef = 2F7B0D001BFDCB230015C43A /* FormattingPluginProvider.swift */; };
		2F7B0D031BFDCEDE0015C43A /* MessageTableViewCell.xib in Resources */ = {isa = PBXBuildFile; fileRef = 2F7B0D021BFDCEDE0015C43A /* MessageTableViewCell.xib */; };
		2F81A6331BC179BF007F2D43 /* Operators.swift in Sources */ = {isa = PBXBuildFile; fileRef = 2F81A6321BC179BF007F2D43 /* Operators.swift */; };
		2F88F1CB1BD43C8B00844A90 /* DownloadManager.swift in Sources */ = {isa = PBXBuildFile; fileRef = 2F88F1CA1BD43C8B00844A90 /* DownloadManager.swift */; };
		2F88F1CE1BD43CF700844A90 /* HRDownloadAction+CoreDataProperties.swift in Sources */ = {isa = PBXBuildFile; fileRef = 2F88F1CC1BD43CF700844A90 /* HRDownloadAction+CoreDataProperties.swift */; };
		2F88F1CF1BD43CF700844A90 /* HRDownloadAction.swift in Sources */ = {isa = PBXBuildFile; fileRef = 2F88F1CD1BD43CF700844A90 /* HRDownloadAction.swift */; };
		2F8D8CDD1BCC12B30020A41C /* HRUploadAction+CoreDataProperties.swift in Sources */ = {isa = PBXBuildFile; fileRef = 2F8D8CD71BCC12B30020A41C /* HRUploadAction+CoreDataProperties.swift */; };
		2F8D8CDE1BCC12B30020A41C /* HRUploadAction.swift in Sources */ = {isa = PBXBuildFile; fileRef = 2F8D8CD81BCC12B30020A41C /* HRUploadAction.swift */; };
		2F8D8CDF1BCC12B30020A41C /* HRAction+CoreDataProperties.swift in Sources */ = {isa = PBXBuildFile; fileRef = 2F8D8CD91BCC12B30020A41C /* HRAction+CoreDataProperties.swift */; };
		2F8D8CE01BCC12B30020A41C /* HRAction.swift in Sources */ = {isa = PBXBuildFile; fileRef = 2F8D8CDA1BCC12B30020A41C /* HRAction.swift */; };
		2F8D8CE11BCC12B30020A41C /* HRSendAction+CoreDataProperties.swift in Sources */ = {isa = PBXBuildFile; fileRef = 2F8D8CDB1BCC12B30020A41C /* HRSendAction+CoreDataProperties.swift */; };
		2F8D8CE21BCC12B30020A41C /* HRSendAction.swift in Sources */ = {isa = PBXBuildFile; fileRef = 2F8D8CDC1BCC12B30020A41C /* HRSendAction.swift */; };
		2F8D8CE51BCC20B40020A41C /* HRActionsManager.swift in Sources */ = {isa = PBXBuildFile; fileRef = 2F8D8CE41BCC20B40020A41C /* HRActionsManager.swift */; };
		2F92E7581BFB921300E5F6A2 /* ErrorPopupQueue.swift in Sources */ = {isa = PBXBuildFile; fileRef = 2F92E7571BFB921300E5F6A2 /* ErrorPopupQueue.swift */; };
		2F994E4D1BB2AE3500A63B9B /* NSMutableArray+SWUtilityButtons.m in Sources */ = {isa = PBXBuildFile; fileRef = 2F994E421BB2AE3500A63B9B /* NSMutableArray+SWUtilityButtons.m */; };
		2F994E4E1BB2AE3500A63B9B /* SWCellScrollView.m in Sources */ = {isa = PBXBuildFile; fileRef = 2F994E441BB2AE3500A63B9B /* SWCellScrollView.m */; };
		2F994E4F1BB2AE3500A63B9B /* SWLongPressGestureRecognizer.m in Sources */ = {isa = PBXBuildFile; fileRef = 2F994E461BB2AE3500A63B9B /* SWLongPressGestureRecognizer.m */; };
		2F994E501BB2AE3500A63B9B /* SWTableViewCell.m in Sources */ = {isa = PBXBuildFile; fileRef = 2F994E481BB2AE3500A63B9B /* SWTableViewCell.m */; };
		2F994E511BB2AE3500A63B9B /* SWUtilityButtonTapGestureRecognizer.m in Sources */ = {isa = PBXBuildFile; fileRef = 2F994E4A1BB2AE3500A63B9B /* SWUtilityButtonTapGestureRecognizer.m */; };
		2F994E521BB2AE3500A63B9B /* SWUtilityButtonView.m in Sources */ = {isa = PBXBuildFile; fileRef = 2F994E4C1BB2AE3500A63B9B /* SWUtilityButtonView.m */; };
		2F994E541BB2AE8100A63B9B /* UIColor+HandlerColors.swift in Sources */ = {isa = PBXBuildFile; fileRef = 2F994E531BB2AE8100A63B9B /* UIColor+HandlerColors.swift */; };
		2FA271A11BB69ED000B22C8B /* CLBackspaceDetectingTextField.m in Sources */ = {isa = PBXBuildFile; fileRef = 2FA2719A1BB69ED000B22C8B /* CLBackspaceDetectingTextField.m */; };
		2FA271A21BB69ED000B22C8B /* CLToken.m in Sources */ = {isa = PBXBuildFile; fileRef = 2FA2719C1BB69ED000B22C8B /* CLToken.m */; };
		2FA271A31BB69ED000B22C8B /* CLTokenInputView.m in Sources */ = {isa = PBXBuildFile; fileRef = 2FA2719E1BB69ED000B22C8B /* CLTokenInputView.m */; };
		2FA271A41BB69ED000B22C8B /* CLTokenView.m in Sources */ = {isa = PBXBuildFile; fileRef = 2FA271A01BB69ED000B22C8B /* CLTokenView.m */; };
		2FA2EA6C1BAC4EA80027EA77 /* MailDatabaseManager.swift in Sources */ = {isa = PBXBuildFile; fileRef = 2FA2EA6B1BAC4EA80027EA77 /* MailDatabaseManager.swift */; };
		2FA2EA811BAD9C570027EA77 /* CoreGraphics.framework in Frameworks */ = {isa = PBXBuildFile; fileRef = 2FA2EA781BAD9C570027EA77 /* CoreGraphics.framework */; };
		2FA2EA821BAD9C570027EA77 /* Foundation.framework in Frameworks */ = {isa = PBXBuildFile; fileRef = 2FA2EA791BAD9C570027EA77 /* Foundation.framework */; };
		2FA2EA831BAD9C570027EA77 /* Security.framework in Frameworks */ = {isa = PBXBuildFile; fileRef = 2FA2EA7A1BAD9C570027EA77 /* Security.framework */; };
		2FA2EA841BAD9C570027EA77 /* CoreData.framework in Frameworks */ = {isa = PBXBuildFile; fileRef = 2FA2EA7B1BAD9C570027EA77 /* CoreData.framework */; };
		2FA2EA851BAD9C570027EA77 /* QuartzCore.framework in Frameworks */ = {isa = PBXBuildFile; fileRef = 2FA2EA7C1BAD9C570027EA77 /* QuartzCore.framework */; };
		2FA2EA861BAD9C570027EA77 /* CoreText.framework in Frameworks */ = {isa = PBXBuildFile; fileRef = 2FA2EA7D1BAD9C570027EA77 /* CoreText.framework */; };
		2FA2EA871BAD9C570027EA77 /* UIKit.framework in Frameworks */ = {isa = PBXBuildFile; fileRef = 2FA2EA7E1BAD9C570027EA77 /* UIKit.framework */; };
		2FA2EA881BAD9C570027EA77 /* Social.framework in Frameworks */ = {isa = PBXBuildFile; fileRef = 2FA2EA7F1BAD9C570027EA77 /* Social.framework */; };
		2FA2EA891BAD9C570027EA77 /* Accounts.framework in Frameworks */ = {isa = PBXBuildFile; fileRef = 2FA2EA801BAD9C570027EA77 /* Accounts.framework */; };
		2FA2EA8C1BAD9C970027EA77 /* LoginViewController.swift in Sources */ = {isa = PBXBuildFile; fileRef = 2FA2EA8B1BAD9C970027EA77 /* LoginViewController.swift */; };
		2FA2EA8E1BAD9CBA0027EA77 /* Main.storyboard in Resources */ = {isa = PBXBuildFile; fileRef = 2FA2EA8D1BAD9CBA0027EA77 /* Main.storyboard */; };
		2FB0E9451BB5718600A0426E /* UIImage+HanderImages.swift in Sources */ = {isa = PBXBuildFile; fileRef = 2FB0E9441BB5718600A0426E /* UIImage+HanderImages.swift */; };
		2FB5A4471BB20A6E0087D006 /* MailBoxOptionsTableViewController.swift in Sources */ = {isa = PBXBuildFile; fileRef = 2FB5A4461BB20A6E0087D006 /* MailBoxOptionsTableViewController.swift */; };
		2FB9D55F1BCAB89B0093C1DC /* CWStatusBarNotification.swift in Sources */ = {isa = PBXBuildFile; fileRef = 2FB9D55D1BCAB89B0093C1DC /* CWStatusBarNotification.swift */; };
		2FB9D5601BCAB89B0093C1DC /* CWStatusBarNotificationUtils.swift in Sources */ = {isa = PBXBuildFile; fileRef = 2FB9D55E1BCAB89B0093C1DC /* CWStatusBarNotificationUtils.swift */; };
		2FDAFF791BF76AEC004CE17D /* FeaturesManager.swift in Sources */ = {isa = PBXBuildFile; fileRef = 2FDAFF781BF76AEC004CE17D /* FeaturesManager.swift */; };
		2FDB445F1BD3E86F0040014E /* APIKit.framework in Frameworks */ = {isa = PBXBuildFile; fileRef = 2FDB44581BD3E86F0040014E /* APIKit.framework */; };
		2FDB44601BD3E86F0040014E /* Async.framework in Frameworks */ = {isa = PBXBuildFile; fileRef = 2FDB44591BD3E86F0040014E /* Async.framework */; };
		2FDB44611BD3E86F0040014E /* Bond.framework in Frameworks */ = {isa = PBXBuildFile; fileRef = 2FDB445A1BD3E86F0040014E /* Bond.framework */; };
		2FDB44621BD3E86F0040014E /* DZNEmptyDataSet.framework in Frameworks */ = {isa = PBXBuildFile; fileRef = 2FDB445B1BD3E86F0040014E /* DZNEmptyDataSet.framework */; };
		2FDB44631BD3E86F0040014E /* Kingfisher.framework in Frameworks */ = {isa = PBXBuildFile; fileRef = 2FDB445C1BD3E86F0040014E /* Kingfisher.framework */; };
		2FDB44641BD3E86F0040014E /* Result.framework in Frameworks */ = {isa = PBXBuildFile; fileRef = 2FDB445D1BD3E86F0040014E /* Result.framework */; };
		2FDB44651BD3E86F0040014E /* SwiftyJSON.framework in Frameworks */ = {isa = PBXBuildFile; fileRef = 2FDB445E1BD3E86F0040014E /* SwiftyJSON.framework */; };
		2FDB44671BD3E8A70040014E /* HandlerSDK.framework in Frameworks */ = {isa = PBXBuildFile; fileRef = 2FDB44661BD3E8A70040014E /* HandlerSDK.framework */; };
		2FDB44681BD3E8A70040014E /* HandlerSDK.framework in Embed Frameworks */ = {isa = PBXBuildFile; fileRef = 2FDB44661BD3E8A70040014E /* HandlerSDK.framework */; settings = {ATTRIBUTES = (CodeSignOnCopy, RemoveHeadersOnCopy, ); }; };
		2FDB44711BD3EB110040014E /* Fabric.framework in Frameworks */ = {isa = PBXBuildFile; fileRef = 2FDB446D1BD3EB110040014E /* Fabric.framework */; };
		2FDB44721BD3EB110040014E /* TwitterKit.framework in Frameworks */ = {isa = PBXBuildFile; fileRef = 2FDB446E1BD3EB110040014E /* TwitterKit.framework */; };
		2FDB44731BD3EB110040014E /* TwitterKitResources.bundle in Resources */ = {isa = PBXBuildFile; fileRef = 2FDB446F1BD3EB110040014E /* TwitterKitResources.bundle */; };
		2FDB44741BD3EB110040014E /* TwitterCore.framework in Frameworks */ = {isa = PBXBuildFile; fileRef = 2FDB44701BD3EB110040014E /* TwitterCore.framework */; };
		2FDB44761BD3EB380040014E /* Crashlytics.framework in Frameworks */ = {isa = PBXBuildFile; fileRef = 2FDB44751BD3EB380040014E /* Crashlytics.framework */; };
		2FDB86AA1BD711FB0011C6C2 /* ActionViewController.swift in Sources */ = {isa = PBXBuildFile; fileRef = 2FDB86A91BD711FB0011C6C2 /* ActionViewController.swift */; };
		2FDB86AD1BD711FB0011C6C2 /* MainInterface.storyboard in Resources */ = {isa = PBXBuildFile; fileRef = 2FDB86AB1BD711FB0011C6C2 /* MainInterface.storyboard */; };
		2FDB86B11BD711FB0011C6C2 /* Action Extension.appex in Embed App Extensions */ = {isa = PBXBuildFile; fileRef = 2FDB86A71BD711FB0011C6C2 /* Action Extension.appex */; settings = {ATTRIBUTES = (RemoveHeadersOnCopy, ); }; };
		2FDBBC901BB9CBC500B2BFBF /* UIView+Extensions.swift in Sources */ = {isa = PBXBuildFile; fileRef = 2FDBBC8F1BB9CBC500B2BFBF /* UIView+Extensions.swift */; };
		2FDDE0ED1BAEA957006C3500 /* Message+CoreDataProperties.swift in Sources */ = {isa = PBXBuildFile; fileRef = 2FDDE0E31BAEA957006C3500 /* Message+CoreDataProperties.swift */; };
		2FDDE0EE1BAEA957006C3500 /* Message.swift in Sources */ = {isa = PBXBuildFile; fileRef = 2FDDE0E41BAEA957006C3500 /* Message.swift */; };
		2FDDE0EF1BAEA957006C3500 /* Label+CoreDataProperties.swift in Sources */ = {isa = PBXBuildFile; fileRef = 2FDDE0E51BAEA957006C3500 /* Label+CoreDataProperties.swift */; };
		2FDDE0F01BAEA957006C3500 /* Label.swift in Sources */ = {isa = PBXBuildFile; fileRef = 2FDDE0E61BAEA957006C3500 /* Label.swift */; };
		2FDDE0F11BAEA957006C3500 /* Thread+CoreDataProperties.swift in Sources */ = {isa = PBXBuildFile; fileRef = 2FDDE0E71BAEA957006C3500 /* Thread+CoreDataProperties.swift */; };
		2FDDE0F21BAEA957006C3500 /* Thread.swift in Sources */ = {isa = PBXBuildFile; fileRef = 2FDDE0E81BAEA957006C3500 /* Thread.swift */; };
		2FDDE0F31BAEA957006C3500 /* User+CoreDataProperties.swift in Sources */ = {isa = PBXBuildFile; fileRef = 2FDDE0E91BAEA957006C3500 /* User+CoreDataProperties.swift */; };
		2FDDE0F41BAEA957006C3500 /* User.swift in Sources */ = {isa = PBXBuildFile; fileRef = 2FDDE0EA1BAEA957006C3500 /* User.swift */; };
		2FDDE0F91BAEAA27006C3500 /* Attachment+CoreDataProperties.swift in Sources */ = {isa = PBXBuildFile; fileRef = 2FDDE0F71BAEAA27006C3500 /* Attachment+CoreDataProperties.swift */; };
		2FDDE0FA1BAEAA27006C3500 /* Attachment.swift in Sources */ = {isa = PBXBuildFile; fileRef = 2FDDE0F81BAEAA27006C3500 /* Attachment.swift */; };
		2FDDE0FE1BAEB26C006C3500 /* NSManagedObject+Convenience.swift in Sources */ = {isa = PBXBuildFile; fileRef = 2FDDE0FD1BAEB26C006C3500 /* NSManagedObject+Convenience.swift */; };
		2FDDE1011BAEB5A6006C3500 /* NSDate+FromString.swift in Sources */ = {isa = PBXBuildFile; fileRef = 2FDDE1001BAEB5A6006C3500 /* NSDate+FromString.swift */; };
		2FDDE1031BAEBFE9006C3500 /* APICommunicator.swift in Sources */ = {isa = PBXBuildFile; fileRef = 2FDDE1021BAEBFE9006C3500 /* APICommunicator.swift */; };
		2FDDE1421BAF5A17006C3500 /* Protocols.swift in Sources */ = {isa = PBXBuildFile; fileRef = 2FDDE1411BAF5A17006C3500 /* Protocols.swift */; };
		2FDDE1441BB01AD3006C3500 /* InboxTableViewController.swift in Sources */ = {isa = PBXBuildFile; fileRef = 2FDDE1431BB01AD3006C3500 /* InboxTableViewController.swift */; };
		2FDDE1471BB04FA4006C3500 /* WhiteBorderViews.swift in Sources */ = {isa = PBXBuildFile; fileRef = 2FDDE1461BB04FA4006C3500 /* WhiteBorderViews.swift */; };
		2FE75EBB1BDA38F00061AE03 /* KeychainAccess.framework in Frameworks */ = {isa = PBXBuildFile; fileRef = 2FE75EBA1BDA38F00061AE03 /* KeychainAccess.framework */; };
		2FEA14621BF77CC0008E31F1 /* MailBoxMenuOptionTableViewCell.swift in Sources */ = {isa = PBXBuildFile; fileRef = 2FEA14611BF77CC0008E31F1 /* MailBoxMenuOptionTableViewCell.swift */; };
		2FEA14641BF8B61D008E31F1 /* DatabaseChangesCache.swift in Sources */ = {isa = PBXBuildFile; fileRef = 2FEA14631BF8B61D008E31F1 /* DatabaseChangesCache.swift */; };
		2FF0D1301BB4A802009467B5 /* ThreadTableViewController.swift in Sources */ = {isa = PBXBuildFile; fileRef = 2FF0D12F1BB4A802009467B5 /* ThreadTableViewController.swift */; };
		2FF0D1321BB4BAAB009467B5 /* GenericMailboxTableViewController.swift in Sources */ = {isa = PBXBuildFile; fileRef = 2FF0D1311BB4BAAB009467B5 /* GenericMailboxTableViewController.swift */; };
		2FF0D13A1BB4C386009467B5 /* String+Extensions.swift in Sources */ = {isa = PBXBuildFile; fileRef = 2FF0D1391BB4C386009467B5 /* String+Extensions.swift */; };
		2FF788391BB5C6E700B297D3 /* Enumerations.swift in Sources */ = {isa = PBXBuildFile; fileRef = 2FF788381BB5C6E700B297D3 /* Enumerations.swift */; };
		2FF788441BB5CB1B00B297D3 /* MessageComposeTableViewController.swift in Sources */ = {isa = PBXBuildFile; fileRef = 2FF788431BB5CB1B00B297D3 /* MessageComposeTableViewController.swift */; };
		2FF8B8EC1BD4F53E00014C9E /* CurrentStatusManager.swift in Sources */ = {isa = PBXBuildFile; fileRef = 2FF8B8EB1BD4F53E00014C9E /* CurrentStatusManager.swift */; };
		DF1FD2DE1B62360600A58B71 /* AppDelegate.swift in Sources */ = {isa = PBXBuildFile; fileRef = DF1FD2DD1B62360600A58B71 /* AppDelegate.swift */; };
		DF1FD2E51B62360600A58B71 /* Images.xcassets in Resources */ = {isa = PBXBuildFile; fileRef = DF1FD2E41B62360600A58B71 /* Images.xcassets */; };
/* End PBXBuildFile section */

/* Begin PBXContainerItemProxy section */
		2FDB86AF1BD711FB0011C6C2 /* PBXContainerItemProxy */ = {
			isa = PBXContainerItemProxy;
			containerPortal = DF1FD2D01B62360600A58B71 /* Project object */;
			proxyType = 1;
			remoteGlobalIDString = 2FDB86A61BD711FB0011C6C2;
			remoteInfo = "Action Extension";
		};
/* End PBXContainerItemProxy section */

/* Begin PBXCopyFilesBuildPhase section */
		2F03A1FF1BAAC027003F4B1E /* Embed Frameworks */ = {
			isa = PBXCopyFilesBuildPhase;
			buildActionMask = 2147483647;
			dstPath = "";
			dstSubfolderSpec = 10;
			files = (
				2FDB44681BD3E8A70040014E /* HandlerSDK.framework in Embed Frameworks */,
			);
			name = "Embed Frameworks";
			runOnlyForDeploymentPostprocessing = 0;
		};
		2F0BE2C61BD6B12F0086C384 /* Embed App Extensions */ = {
			isa = PBXCopyFilesBuildPhase;
			buildActionMask = 2147483647;
			dstPath = "";
			dstSubfolderSpec = 13;
			files = (
				2FDB86B11BD711FB0011C6C2 /* Action Extension.appex in Embed App Extensions */,
			);
			name = "Embed App Extensions";
			runOnlyForDeploymentPostprocessing = 0;
		};
		2F43E0B21BDA4A6100C68E1D /* Carthage Dsyms */ = {
			isa = PBXCopyFilesBuildPhase;
			buildActionMask = 2147483647;
			dstPath = "";
			dstSubfolderSpec = 16;
			files = (
				2F43E0BB1BDA4A8C00C68E1D /* APIKit.framework.dSYM in Carthage Dsyms */,
				2F43E0BC1BDA4A8C00C68E1D /* Async.framework.dSYM in Carthage Dsyms */,
				2F43E0BD1BDA4A8C00C68E1D /* Bond.framework.dSYM in Carthage Dsyms */,
				2F43E0BE1BDA4A8C00C68E1D /* DZNEmptyDataSet.framework.dSYM in Carthage Dsyms */,
				2F43E0BF1BDA4A8C00C68E1D /* KeychainAccess.framework.dSYM in Carthage Dsyms */,
				2F43E0C01BDA4A8C00C68E1D /* Kingfisher.framework.dSYM in Carthage Dsyms */,
				2F43E0C11BDA4A8C00C68E1D /* Result.framework.dSYM in Carthage Dsyms */,
				2F43E0C21BDA4A8C00C68E1D /* SwiftyJSON.framework.dSYM in Carthage Dsyms */,
			);
			name = "Carthage Dsyms";
			runOnlyForDeploymentPostprocessing = 0;
		};
		2FF7881D1BB5A2F700B297D3 /* Embed Watch Content */ = {
			isa = PBXCopyFilesBuildPhase;
			buildActionMask = 2147483647;
			dstPath = "$(CONTENTS_FOLDER_PATH)/Watch";
			dstSubfolderSpec = 16;
			files = (
			);
			name = "Embed Watch Content";
			runOnlyForDeploymentPostprocessing = 0;
		};
/* End PBXCopyFilesBuildPhase section */

/* Begin PBXFileReference section */
		2F0136951BCFD744008BAD9D /* IntroViewController.swift */ = {isa = PBXFileReference; fileEncoding = 4; lastKnownFileType = sourcecode.swift; path = IntroViewController.swift; sourceTree = "<group>"; };
		2F0136971BCFD82E008BAD9D /* IntroView.xib */ = {isa = PBXFileReference; fileEncoding = 4; lastKnownFileType = file.xib; path = IntroView.xib; sourceTree = "<group>"; };
		2F0136991BCFDA98008BAD9D /* RoundedBorderButton.swift */ = {isa = PBXFileReference; fileEncoding = 4; lastKnownFileType = sourcecode.swift; path = RoundedBorderButton.swift; sourceTree = "<group>"; };
		2F01369E1BD1029A008BAD9D /* ContactsTableViewController.swift */ = {isa = PBXFileReference; fileEncoding = 4; lastKnownFileType = sourcecode.swift; path = ContactsTableViewController.swift; sourceTree = "<group>"; };
		2F0136A01BD10422008BAD9D /* ContactTableViewCell.swift */ = {isa = PBXFileReference; fileEncoding = 4; lastKnownFileType = sourcecode.swift; path = ContactTableViewCell.swift; sourceTree = "<group>"; };
		2F0136A21BD10EE4008BAD9D /* TwitterAPICommunicator.swift */ = {isa = PBXFileReference; fileEncoding = 4; lastKnownFileType = sourcecode.swift; path = TwitterAPICommunicator.swift; sourceTree = "<group>"; };
		2F0136A41BD11C87008BAD9D /* UserTwitterStatusManager.swift */ = {isa = PBXFileReference; fileEncoding = 4; lastKnownFileType = sourcecode.swift; path = UserTwitterStatusManager.swift; sourceTree = "<group>"; };
		2F041D531BCA7D24009985EB /* ErrorHandler.swift */ = {isa = PBXFileReference; fileEncoding = 4; lastKnownFileType = sourcecode.swift; path = ErrorHandler.swift; sourceTree = "<group>"; };
		2F0580561BC02FBC00600B8B /* HandlerDatabaseModel.xcdatamodel */ = {isa = PBXFileReference; lastKnownFileType = wrapper.xcdatamodel; path = HandlerDatabaseModel.xcdatamodel; sourceTree = "<group>"; };
		2F090CBF1BC8397000F00893 /* UTI.swift */ = {isa = PBXFileReference; fileEncoding = 4; lastKnownFileType = sourcecode.swift; path = UTI.swift; sourceTree = "<group>"; };
		2F09DB1E1BC69CEC00B81FE2 /* AttachmentThumbnailView.xib */ = {isa = PBXFileReference; fileEncoding = 4; lastKnownFileType = file.xib; path = AttachmentThumbnailView.xib; sourceTree = "<group>"; };
		2F09DB231BC69F3F00B81FE2 /* AttachmentThumbnailCollectionViewCell.swift */ = {isa = PBXFileReference; fileEncoding = 4; lastKnownFileType = sourcecode.swift; path = AttachmentThumbnailCollectionViewCell.swift; sourceTree = "<group>"; };
		2F09DB251BC6A0A300B81FE2 /* MessageAttachmentsTableViewCell.swift */ = {isa = PBXFileReference; fileEncoding = 4; lastKnownFileType = sourcecode.swift; path = MessageAttachmentsTableViewCell.swift; sourceTree = "<group>"; };
		2F1D2C2F1BBBF83600A504A8 /* MessageActionsAlertController.swift */ = {isa = PBXFileReference; fileEncoding = 4; lastKnownFileType = sourcecode.swift; path = MessageActionsAlertController.swift; sourceTree = "<group>"; };
		2F1D2C351BBC3DCA00A504A8 /* ContactCardViewController.swift */ = {isa = PBXFileReference; fileEncoding = 4; lastKnownFileType = sourcecode.swift; path = ContactCardViewController.swift; sourceTree = "<group>"; };
		2F1D2C361BBC3DCA00A504A8 /* ContactCardViewController.xib */ = {isa = PBXFileReference; fileEncoding = 4; lastKnownFileType = file.xib; path = ContactCardViewController.xib; sourceTree = "<group>"; };
		2F1D2C391BBC477000A504A8 /* SendInvitationViewController.swift */ = {isa = PBXFileReference; fileEncoding = 4; lastKnownFileType = sourcecode.swift; path = SendInvitationViewController.swift; sourceTree = "<group>"; };
		2F1D2C3A1BBC477000A504A8 /* SendInvitationViewController.xib */ = {isa = PBXFileReference; fileEncoding = 4; lastKnownFileType = file.xib; path = SendInvitationViewController.xib; sourceTree = "<group>"; };
		2F1D2C3D1BBC48E600A504A8 /* ErrorPopupViewController.swift */ = {isa = PBXFileReference; fileEncoding = 4; lastKnownFileType = sourcecode.swift; path = ErrorPopupViewController.swift; sourceTree = "<group>"; };
		2F1D2C3E1BBC48E600A504A8 /* ErrorPopupViewController.xib */ = {isa = PBXFileReference; fileEncoding = 4; lastKnownFileType = file.xib; path = ErrorPopupViewController.xib; sourceTree = "<group>"; };
		2F1DACF11BC7EFC500FB6173 /* AddAttachmentView.xib */ = {isa = PBXFileReference; fileEncoding = 4; lastKnownFileType = file.xib; path = AddAttachmentView.xib; sourceTree = "<group>"; };
		2F41F3131BB357B6003276E0 /* MessageDetailViewController.swift */ = {isa = PBXFileReference; fileEncoding = 4; lastKnownFileType = sourcecode.swift; path = MessageDetailViewController.swift; sourceTree = "<group>"; };
		2F43E0B31BDA4A8C00C68E1D /* APIKit.framework.dSYM */ = {isa = PBXFileReference; lastKnownFileType = wrapper.dsym; name = APIKit.framework.dSYM; path = Carthage/Build/iOS/APIKit.framework.dSYM; sourceTree = "<group>"; };
		2F43E0B41BDA4A8C00C68E1D /* Async.framework.dSYM */ = {isa = PBXFileReference; lastKnownFileType = wrapper.dsym; name = Async.framework.dSYM; path = Carthage/Build/iOS/Async.framework.dSYM; sourceTree = "<group>"; };
		2F43E0B51BDA4A8C00C68E1D /* Bond.framework.dSYM */ = {isa = PBXFileReference; lastKnownFileType = wrapper.dsym; name = Bond.framework.dSYM; path = Carthage/Build/iOS/Bond.framework.dSYM; sourceTree = "<group>"; };
		2F43E0B61BDA4A8C00C68E1D /* DZNEmptyDataSet.framework.dSYM */ = {isa = PBXFileReference; lastKnownFileType = wrapper.dsym; name = DZNEmptyDataSet.framework.dSYM; path = Carthage/Build/iOS/DZNEmptyDataSet.framework.dSYM; sourceTree = "<group>"; };
		2F43E0B71BDA4A8C00C68E1D /* KeychainAccess.framework.dSYM */ = {isa = PBXFileReference; lastKnownFileType = wrapper.dsym; name = KeychainAccess.framework.dSYM; path = Carthage/Build/iOS/KeychainAccess.framework.dSYM; sourceTree = "<group>"; };
		2F43E0B81BDA4A8C00C68E1D /* Kingfisher.framework.dSYM */ = {isa = PBXFileReference; lastKnownFileType = wrapper.dsym; name = Kingfisher.framework.dSYM; path = Carthage/Build/iOS/Kingfisher.framework.dSYM; sourceTree = "<group>"; };
		2F43E0B91BDA4A8C00C68E1D /* Result.framework.dSYM */ = {isa = PBXFileReference; lastKnownFileType = wrapper.dsym; name = Result.framework.dSYM; path = Carthage/Build/iOS/Result.framework.dSYM; sourceTree = "<group>"; };
		2F43E0BA1BDA4A8C00C68E1D /* SwiftyJSON.framework.dSYM */ = {isa = PBXFileReference; lastKnownFileType = wrapper.dsym; name = SwiftyJSON.framework.dSYM; path = Carthage/Build/iOS/SwiftyJSON.framework.dSYM; sourceTree = "<group>"; };
		2F4E414C1BB061C500AA2DEF /* SideMenuViewController.swift */ = {isa = PBXFileReference; fileEncoding = 4; lastKnownFileType = sourcecode.swift; path = SideMenuViewController.swift; sourceTree = "<group>"; };
		2F4E41541BB08A3200AA2DEF /* SSASideMenu.swift */ = {isa = PBXFileReference; fileEncoding = 4; lastKnownFileType = sourcecode.swift; path = SSASideMenu.swift; sourceTree = "<group>"; };
		2F4E41561BB0977C00AA2DEF /* UIButton+ImageFitting.swift */ = {isa = PBXFileReference; fileEncoding = 4; lastKnownFileType = sourcecode.swift; path = "UIButton+ImageFitting.swift"; sourceTree = "<group>"; };
		2F4E415D1BB0A13700AA2DEF /* MessageTableViewCell.swift */ = {isa = PBXFileReference; fileEncoding = 4; lastKnownFileType = sourcecode.swift; path = MessageTableViewCell.swift; sourceTree = "<group>"; };
		2F4E41601BB0AC4A00AA2DEF /* CALayer+Extensions.swift */ = {isa = PBXFileReference; fileEncoding = 4; lastKnownFileType = sourcecode.swift; path = "CALayer+Extensions.swift"; sourceTree = "<group>"; };
		2F4E41621BB0AC7300AA2DEF /* GradientNavigationController.swift */ = {isa = PBXFileReference; fileEncoding = 4; lastKnownFileType = sourcecode.swift; path = GradientNavigationController.swift; sourceTree = "<group>"; };
		2F51BCA61BC9AFA80024397B /* Extensions.swift */ = {isa = PBXFileReference; fileEncoding = 4; lastKnownFileType = sourcecode.swift; path = Extensions.swift; sourceTree = "<group>"; };
		2F6112801BC12F1E0003071B /* UploadManager.swift */ = {isa = PBXFileReference; fileEncoding = 4; lastKnownFileType = sourcecode.swift; path = UploadManager.swift; sourceTree = "<group>"; };
		2F76D4CF1BB48F1600235A95 /* MailboxObserversManager.swift */ = {isa = PBXFileReference; fileEncoding = 4; lastKnownFileType = sourcecode.swift; path = MailboxObserversManager.swift; sourceTree = "<group>"; };
		2F7B0CFC1BFDC8910015C43A /* InboxFormatter.swift */ = {isa = PBXFileReference; fileEncoding = 4; lastKnownFileType = sourcecode.swift; path = InboxFormatter.swift; sourceTree = "<group>"; };
		2F7B0CFE1BFDCAB30015C43A /* FormatterProtocols.swift */ = {isa = PBXFileReference; fileEncoding = 4; lastKnownFileType = sourcecode.swift; path = FormatterProtocols.swift; sourceTree = "<group>"; };
		2F7B0D001BFDCB230015C43A /* FormattingPluginProvider.swift */ = {isa = PBXFileReference; fileEncoding = 4; lastKnownFileType = sourcecode.swift; path = FormattingPluginProvider.swift; sourceTree = "<group>"; };
		2F7B0D021BFDCEDE0015C43A /* MessageTableViewCell.xib */ = {isa = PBXFileReference; fileEncoding = 4; lastKnownFileType = file.xib; path = MessageTableViewCell.xib; sourceTree = "<group>"; };
		2F81A6321BC179BF007F2D43 /* Operators.swift */ = {isa = PBXFileReference; fileEncoding = 4; lastKnownFileType = sourcecode.swift; path = Operators.swift; sourceTree = "<group>"; };
		2F88F1CA1BD43C8B00844A90 /* DownloadManager.swift */ = {isa = PBXFileReference; fileEncoding = 4; lastKnownFileType = sourcecode.swift; path = DownloadManager.swift; sourceTree = "<group>"; };
		2F88F1CC1BD43CF700844A90 /* HRDownloadAction+CoreDataProperties.swift */ = {isa = PBXFileReference; fileEncoding = 4; lastKnownFileType = sourcecode.swift; path = "HRDownloadAction+CoreDataProperties.swift"; sourceTree = "<group>"; };
		2F88F1CD1BD43CF700844A90 /* HRDownloadAction.swift */ = {isa = PBXFileReference; fileEncoding = 4; lastKnownFileType = sourcecode.swift; path = HRDownloadAction.swift; sourceTree = "<group>"; };
		2F8D8CD71BCC12B30020A41C /* HRUploadAction+CoreDataProperties.swift */ = {isa = PBXFileReference; fileEncoding = 4; lastKnownFileType = sourcecode.swift; path = "HRUploadAction+CoreDataProperties.swift"; sourceTree = "<group>"; };
		2F8D8CD81BCC12B30020A41C /* HRUploadAction.swift */ = {isa = PBXFileReference; fileEncoding = 4; lastKnownFileType = sourcecode.swift; path = HRUploadAction.swift; sourceTree = "<group>"; };
		2F8D8CD91BCC12B30020A41C /* HRAction+CoreDataProperties.swift */ = {isa = PBXFileReference; fileEncoding = 4; lastKnownFileType = sourcecode.swift; path = "HRAction+CoreDataProperties.swift"; sourceTree = "<group>"; };
		2F8D8CDA1BCC12B30020A41C /* HRAction.swift */ = {isa = PBXFileReference; fileEncoding = 4; lastKnownFileType = sourcecode.swift; path = HRAction.swift; sourceTree = "<group>"; };
		2F8D8CDB1BCC12B30020A41C /* HRSendAction+CoreDataProperties.swift */ = {isa = PBXFileReference; fileEncoding = 4; lastKnownFileType = sourcecode.swift; path = "HRSendAction+CoreDataProperties.swift"; sourceTree = "<group>"; };
		2F8D8CDC1BCC12B30020A41C /* HRSendAction.swift */ = {isa = PBXFileReference; fileEncoding = 4; lastKnownFileType = sourcecode.swift; path = HRSendAction.swift; sourceTree = "<group>"; };
		2F8D8CE41BCC20B40020A41C /* HRActionsManager.swift */ = {isa = PBXFileReference; fileEncoding = 4; lastKnownFileType = sourcecode.swift; path = HRActionsManager.swift; sourceTree = "<group>"; };
		2F8E37971BB1E91D00C6A82D /* Handler-Bridging-Header.h */ = {isa = PBXFileReference; lastKnownFileType = sourcecode.c.h; path = "Handler-Bridging-Header.h"; sourceTree = "<group>"; };
		2F92E7571BFB921300E5F6A2 /* ErrorPopupQueue.swift */ = {isa = PBXFileReference; fileEncoding = 4; lastKnownFileType = sourcecode.swift; path = ErrorPopupQueue.swift; sourceTree = "<group>"; };
		2F994E411BB2AE3500A63B9B /* NSMutableArray+SWUtilityButtons.h */ = {isa = PBXFileReference; fileEncoding = 4; lastKnownFileType = sourcecode.c.h; path = "NSMutableArray+SWUtilityButtons.h"; sourceTree = "<group>"; };
		2F994E421BB2AE3500A63B9B /* NSMutableArray+SWUtilityButtons.m */ = {isa = PBXFileReference; fileEncoding = 4; lastKnownFileType = sourcecode.c.objc; path = "NSMutableArray+SWUtilityButtons.m"; sourceTree = "<group>"; };
		2F994E431BB2AE3500A63B9B /* SWCellScrollView.h */ = {isa = PBXFileReference; fileEncoding = 4; lastKnownFileType = sourcecode.c.h; path = SWCellScrollView.h; sourceTree = "<group>"; };
		2F994E441BB2AE3500A63B9B /* SWCellScrollView.m */ = {isa = PBXFileReference; fileEncoding = 4; lastKnownFileType = sourcecode.c.objc; path = SWCellScrollView.m; sourceTree = "<group>"; };
		2F994E451BB2AE3500A63B9B /* SWLongPressGestureRecognizer.h */ = {isa = PBXFileReference; fileEncoding = 4; lastKnownFileType = sourcecode.c.h; path = SWLongPressGestureRecognizer.h; sourceTree = "<group>"; };
		2F994E461BB2AE3500A63B9B /* SWLongPressGestureRecognizer.m */ = {isa = PBXFileReference; fileEncoding = 4; lastKnownFileType = sourcecode.c.objc; path = SWLongPressGestureRecognizer.m; sourceTree = "<group>"; };
		2F994E471BB2AE3500A63B9B /* SWTableViewCell.h */ = {isa = PBXFileReference; fileEncoding = 4; lastKnownFileType = sourcecode.c.h; path = SWTableViewCell.h; sourceTree = "<group>"; };
		2F994E481BB2AE3500A63B9B /* SWTableViewCell.m */ = {isa = PBXFileReference; fileEncoding = 4; lastKnownFileType = sourcecode.c.objc; path = SWTableViewCell.m; sourceTree = "<group>"; };
		2F994E491BB2AE3500A63B9B /* SWUtilityButtonTapGestureRecognizer.h */ = {isa = PBXFileReference; fileEncoding = 4; lastKnownFileType = sourcecode.c.h; path = SWUtilityButtonTapGestureRecognizer.h; sourceTree = "<group>"; };
		2F994E4A1BB2AE3500A63B9B /* SWUtilityButtonTapGestureRecognizer.m */ = {isa = PBXFileReference; fileEncoding = 4; lastKnownFileType = sourcecode.c.objc; path = SWUtilityButtonTapGestureRecognizer.m; sourceTree = "<group>"; };
		2F994E4B1BB2AE3500A63B9B /* SWUtilityButtonView.h */ = {isa = PBXFileReference; fileEncoding = 4; lastKnownFileType = sourcecode.c.h; path = SWUtilityButtonView.h; sourceTree = "<group>"; };
		2F994E4C1BB2AE3500A63B9B /* SWUtilityButtonView.m */ = {isa = PBXFileReference; fileEncoding = 4; lastKnownFileType = sourcecode.c.objc; path = SWUtilityButtonView.m; sourceTree = "<group>"; };
		2F994E531BB2AE8100A63B9B /* UIColor+HandlerColors.swift */ = {isa = PBXFileReference; fileEncoding = 4; lastKnownFileType = sourcecode.swift; path = "UIColor+HandlerColors.swift"; sourceTree = "<group>"; };
		2FA271991BB69ED000B22C8B /* CLBackspaceDetectingTextField.h */ = {isa = PBXFileReference; fileEncoding = 4; lastKnownFileType = sourcecode.c.h; path = CLBackspaceDetectingTextField.h; sourceTree = "<group>"; };
		2FA2719A1BB69ED000B22C8B /* CLBackspaceDetectingTextField.m */ = {isa = PBXFileReference; fileEncoding = 4; lastKnownFileType = sourcecode.c.objc; path = CLBackspaceDetectingTextField.m; sourceTree = "<group>"; };
		2FA2719B1BB69ED000B22C8B /* CLToken.h */ = {isa = PBXFileReference; fileEncoding = 4; lastKnownFileType = sourcecode.c.h; path = CLToken.h; sourceTree = "<group>"; };
		2FA2719C1BB69ED000B22C8B /* CLToken.m */ = {isa = PBXFileReference; fileEncoding = 4; lastKnownFileType = sourcecode.c.objc; path = CLToken.m; sourceTree = "<group>"; };
		2FA2719D1BB69ED000B22C8B /* CLTokenInputView.h */ = {isa = PBXFileReference; fileEncoding = 4; lastKnownFileType = sourcecode.c.h; path = CLTokenInputView.h; sourceTree = "<group>"; };
		2FA2719E1BB69ED000B22C8B /* CLTokenInputView.m */ = {isa = PBXFileReference; fileEncoding = 4; lastKnownFileType = sourcecode.c.objc; path = CLTokenInputView.m; sourceTree = "<group>"; };
		2FA2719F1BB69ED000B22C8B /* CLTokenView.h */ = {isa = PBXFileReference; fileEncoding = 4; lastKnownFileType = sourcecode.c.h; path = CLTokenView.h; sourceTree = "<group>"; };
		2FA271A01BB69ED000B22C8B /* CLTokenView.m */ = {isa = PBXFileReference; fileEncoding = 4; lastKnownFileType = sourcecode.c.objc; path = CLTokenView.m; sourceTree = "<group>"; };
		2FA2EA6B1BAC4EA80027EA77 /* MailDatabaseManager.swift */ = {isa = PBXFileReference; fileEncoding = 4; lastKnownFileType = sourcecode.swift; path = MailDatabaseManager.swift; sourceTree = "<group>"; };
		2FA2EA781BAD9C570027EA77 /* CoreGraphics.framework */ = {isa = PBXFileReference; lastKnownFileType = wrapper.framework; name = CoreGraphics.framework; path = System/Library/Frameworks/CoreGraphics.framework; sourceTree = SDKROOT; };
		2FA2EA791BAD9C570027EA77 /* Foundation.framework */ = {isa = PBXFileReference; lastKnownFileType = wrapper.framework; name = Foundation.framework; path = System/Library/Frameworks/Foundation.framework; sourceTree = SDKROOT; };
		2FA2EA7A1BAD9C570027EA77 /* Security.framework */ = {isa = PBXFileReference; lastKnownFileType = wrapper.framework; name = Security.framework; path = System/Library/Frameworks/Security.framework; sourceTree = SDKROOT; };
		2FA2EA7B1BAD9C570027EA77 /* CoreData.framework */ = {isa = PBXFileReference; lastKnownFileType = wrapper.framework; name = CoreData.framework; path = System/Library/Frameworks/CoreData.framework; sourceTree = SDKROOT; };
		2FA2EA7C1BAD9C570027EA77 /* QuartzCore.framework */ = {isa = PBXFileReference; lastKnownFileType = wrapper.framework; name = QuartzCore.framework; path = System/Library/Frameworks/QuartzCore.framework; sourceTree = SDKROOT; };
		2FA2EA7D1BAD9C570027EA77 /* CoreText.framework */ = {isa = PBXFileReference; lastKnownFileType = wrapper.framework; name = CoreText.framework; path = System/Library/Frameworks/CoreText.framework; sourceTree = SDKROOT; };
		2FA2EA7E1BAD9C570027EA77 /* UIKit.framework */ = {isa = PBXFileReference; lastKnownFileType = wrapper.framework; name = UIKit.framework; path = System/Library/Frameworks/UIKit.framework; sourceTree = SDKROOT; };
		2FA2EA7F1BAD9C570027EA77 /* Social.framework */ = {isa = PBXFileReference; lastKnownFileType = wrapper.framework; name = Social.framework; path = System/Library/Frameworks/Social.framework; sourceTree = SDKROOT; };
		2FA2EA801BAD9C570027EA77 /* Accounts.framework */ = {isa = PBXFileReference; lastKnownFileType = wrapper.framework; name = Accounts.framework; path = System/Library/Frameworks/Accounts.framework; sourceTree = SDKROOT; };
		2FA2EA8B1BAD9C970027EA77 /* LoginViewController.swift */ = {isa = PBXFileReference; fileEncoding = 4; lastKnownFileType = sourcecode.swift; path = LoginViewController.swift; sourceTree = "<group>"; };
		2FA2EA8D1BAD9CBA0027EA77 /* Main.storyboard */ = {isa = PBXFileReference; fileEncoding = 4; lastKnownFileType = file.storyboard; path = Main.storyboard; sourceTree = "<group>"; };
		2FB0E9441BB5718600A0426E /* UIImage+HanderImages.swift */ = {isa = PBXFileReference; fileEncoding = 4; lastKnownFileType = sourcecode.swift; path = "UIImage+HanderImages.swift"; sourceTree = "<group>"; };
		2FB5A4461BB20A6E0087D006 /* MailBoxOptionsTableViewController.swift */ = {isa = PBXFileReference; fileEncoding = 4; lastKnownFileType = sourcecode.swift; path = MailBoxOptionsTableViewController.swift; sourceTree = "<group>"; };
		2FB9D55D1BCAB89B0093C1DC /* CWStatusBarNotification.swift */ = {isa = PBXFileReference; fileEncoding = 4; lastKnownFileType = sourcecode.swift; path = CWStatusBarNotification.swift; sourceTree = "<group>"; };
		2FB9D55E1BCAB89B0093C1DC /* CWStatusBarNotificationUtils.swift */ = {isa = PBXFileReference; fileEncoding = 4; lastKnownFileType = sourcecode.swift; path = CWStatusBarNotificationUtils.swift; sourceTree = "<group>"; };
		2FDAFF781BF76AEC004CE17D /* FeaturesManager.swift */ = {isa = PBXFileReference; fileEncoding = 4; lastKnownFileType = sourcecode.swift; path = FeaturesManager.swift; sourceTree = "<group>"; };
		2FDB44581BD3E86F0040014E /* APIKit.framework */ = {isa = PBXFileReference; lastKnownFileType = wrapper.framework; name = APIKit.framework; path = Carthage/Build/iOS/APIKit.framework; sourceTree = SOURCE_ROOT; };
		2FDB44591BD3E86F0040014E /* Async.framework */ = {isa = PBXFileReference; lastKnownFileType = wrapper.framework; name = Async.framework; path = Carthage/Build/iOS/Async.framework; sourceTree = SOURCE_ROOT; };
		2FDB445A1BD3E86F0040014E /* Bond.framework */ = {isa = PBXFileReference; lastKnownFileType = wrapper.framework; name = Bond.framework; path = Carthage/Build/iOS/Bond.framework; sourceTree = SOURCE_ROOT; };
		2FDB445B1BD3E86F0040014E /* DZNEmptyDataSet.framework */ = {isa = PBXFileReference; lastKnownFileType = wrapper.framework; name = DZNEmptyDataSet.framework; path = Carthage/Build/iOS/DZNEmptyDataSet.framework; sourceTree = SOURCE_ROOT; };
		2FDB445C1BD3E86F0040014E /* Kingfisher.framework */ = {isa = PBXFileReference; lastKnownFileType = wrapper.framework; name = Kingfisher.framework; path = Carthage/Build/iOS/Kingfisher.framework; sourceTree = SOURCE_ROOT; };
		2FDB445D1BD3E86F0040014E /* Result.framework */ = {isa = PBXFileReference; lastKnownFileType = wrapper.framework; name = Result.framework; path = Carthage/Build/iOS/Result.framework; sourceTree = SOURCE_ROOT; };
		2FDB445E1BD3E86F0040014E /* SwiftyJSON.framework */ = {isa = PBXFileReference; lastKnownFileType = wrapper.framework; name = SwiftyJSON.framework; path = Carthage/Build/iOS/SwiftyJSON.framework; sourceTree = SOURCE_ROOT; };
		2FDB44661BD3E8A70040014E /* HandlerSDK.framework */ = {isa = PBXFileReference; explicitFileType = wrapper.framework; path = HandlerSDK.framework; sourceTree = BUILT_PRODUCTS_DIR; };
		2FDB446D1BD3EB110040014E /* Fabric.framework */ = {isa = PBXFileReference; lastKnownFileType = wrapper.framework; path = Fabric.framework; sourceTree = SOURCE_ROOT; };
		2FDB446E1BD3EB110040014E /* TwitterKit.framework */ = {isa = PBXFileReference; lastKnownFileType = wrapper.framework; path = TwitterKit.framework; sourceTree = SOURCE_ROOT; };
		2FDB446F1BD3EB110040014E /* TwitterKitResources.bundle */ = {isa = PBXFileReference; lastKnownFileType = "wrapper.plug-in"; name = TwitterKitResources.bundle; path = TwitterKit.framework/Versions/A/Resources/TwitterKitResources.bundle; sourceTree = SOURCE_ROOT; };
		2FDB44701BD3EB110040014E /* TwitterCore.framework */ = {isa = PBXFileReference; lastKnownFileType = wrapper.framework; path = TwitterCore.framework; sourceTree = SOURCE_ROOT; };
		2FDB44751BD3EB380040014E /* Crashlytics.framework */ = {isa = PBXFileReference; lastKnownFileType = wrapper.framework; path = Crashlytics.framework; sourceTree = SOURCE_ROOT; };
		2FDB86A71BD711FB0011C6C2 /* Action Extension.appex */ = {isa = PBXFileReference; explicitFileType = "wrapper.app-extension"; includeInIndex = 0; path = "Action Extension.appex"; sourceTree = BUILT_PRODUCTS_DIR; };
		2FDB86A91BD711FB0011C6C2 /* ActionViewController.swift */ = {isa = PBXFileReference; lastKnownFileType = sourcecode.swift; path = ActionViewController.swift; sourceTree = "<group>"; };
		2FDB86AC1BD711FB0011C6C2 /* Base */ = {isa = PBXFileReference; lastKnownFileType = file.storyboard; name = Base; path = Base.lproj/MainInterface.storyboard; sourceTree = "<group>"; };
		2FDB86AE1BD711FB0011C6C2 /* Info.plist */ = {isa = PBXFileReference; lastKnownFileType = text.plist.xml; path = Info.plist; sourceTree = "<group>"; };
		2FDBBC8F1BB9CBC500B2BFBF /* UIView+Extensions.swift */ = {isa = PBXFileReference; fileEncoding = 4; lastKnownFileType = sourcecode.swift; path = "UIView+Extensions.swift"; sourceTree = "<group>"; };
		2FDDE0E31BAEA957006C3500 /* Message+CoreDataProperties.swift */ = {isa = PBXFileReference; fileEncoding = 4; lastKnownFileType = sourcecode.swift; path = "Message+CoreDataProperties.swift"; sourceTree = "<group>"; };
		2FDDE0E41BAEA957006C3500 /* Message.swift */ = {isa = PBXFileReference; fileEncoding = 4; lastKnownFileType = sourcecode.swift; lineEnding = 0; path = Message.swift; sourceTree = "<group>"; xcLanguageSpecificationIdentifier = xcode.lang.swift; };
		2FDDE0E51BAEA957006C3500 /* Label+CoreDataProperties.swift */ = {isa = PBXFileReference; fileEncoding = 4; lastKnownFileType = sourcecode.swift; path = "Label+CoreDataProperties.swift"; sourceTree = "<group>"; };
		2FDDE0E61BAEA957006C3500 /* Label.swift */ = {isa = PBXFileReference; fileEncoding = 4; lastKnownFileType = sourcecode.swift; path = Label.swift; sourceTree = "<group>"; };
		2FDDE0E71BAEA957006C3500 /* Thread+CoreDataProperties.swift */ = {isa = PBXFileReference; fileEncoding = 4; lastKnownFileType = sourcecode.swift; path = "Thread+CoreDataProperties.swift"; sourceTree = "<group>"; };
		2FDDE0E81BAEA957006C3500 /* Thread.swift */ = {isa = PBXFileReference; fileEncoding = 4; lastKnownFileType = sourcecode.swift; path = Thread.swift; sourceTree = "<group>"; };
		2FDDE0E91BAEA957006C3500 /* User+CoreDataProperties.swift */ = {isa = PBXFileReference; fileEncoding = 4; lastKnownFileType = sourcecode.swift; path = "User+CoreDataProperties.swift"; sourceTree = "<group>"; };
		2FDDE0EA1BAEA957006C3500 /* User.swift */ = {isa = PBXFileReference; fileEncoding = 4; lastKnownFileType = sourcecode.swift; path = User.swift; sourceTree = "<group>"; };
		2FDDE0F71BAEAA27006C3500 /* Attachment+CoreDataProperties.swift */ = {isa = PBXFileReference; fileEncoding = 4; lastKnownFileType = sourcecode.swift; path = "Attachment+CoreDataProperties.swift"; sourceTree = "<group>"; };
		2FDDE0F81BAEAA27006C3500 /* Attachment.swift */ = {isa = PBXFileReference; fileEncoding = 4; lastKnownFileType = sourcecode.swift; path = Attachment.swift; sourceTree = "<group>"; };
		2FDDE0FD1BAEB26C006C3500 /* NSManagedObject+Convenience.swift */ = {isa = PBXFileReference; fileEncoding = 4; lastKnownFileType = sourcecode.swift; lineEnding = 0; path = "NSManagedObject+Convenience.swift"; sourceTree = "<group>"; xcLanguageSpecificationIdentifier = xcode.lang.swift; };
		2FDDE1001BAEB5A6006C3500 /* NSDate+FromString.swift */ = {isa = PBXFileReference; fileEncoding = 4; lastKnownFileType = sourcecode.swift; path = "NSDate+FromString.swift"; sourceTree = "<group>"; };
		2FDDE1021BAEBFE9006C3500 /* APICommunicator.swift */ = {isa = PBXFileReference; fileEncoding = 4; lastKnownFileType = sourcecode.swift; path = APICommunicator.swift; sourceTree = "<group>"; };
		2FDDE1411BAF5A17006C3500 /* Protocols.swift */ = {isa = PBXFileReference; fileEncoding = 4; lastKnownFileType = sourcecode.swift; lineEnding = 0; path = Protocols.swift; sourceTree = "<group>"; xcLanguageSpecificationIdentifier = xcode.lang.swift; };
		2FDDE1431BB01AD3006C3500 /* InboxTableViewController.swift */ = {isa = PBXFileReference; fileEncoding = 4; lastKnownFileType = sourcecode.swift; path = InboxTableViewController.swift; sourceTree = "<group>"; };
		2FDDE1461BB04FA4006C3500 /* WhiteBorderViews.swift */ = {isa = PBXFileReference; fileEncoding = 4; lastKnownFileType = sourcecode.swift; path = WhiteBorderViews.swift; sourceTree = "<group>"; };
		2FE75EBA1BDA38F00061AE03 /* KeychainAccess.framework */ = {isa = PBXFileReference; lastKnownFileType = wrapper.framework; name = KeychainAccess.framework; path = Carthage/Build/iOS/KeychainAccess.framework; sourceTree = SOURCE_ROOT; };
		2FEA14611BF77CC0008E31F1 /* MailBoxMenuOptionTableViewCell.swift */ = {isa = PBXFileReference; fileEncoding = 4; lastKnownFileType = sourcecode.swift; path = MailBoxMenuOptionTableViewCell.swift; sourceTree = "<group>"; };
		2FEA14631BF8B61D008E31F1 /* DatabaseChangesCache.swift */ = {isa = PBXFileReference; fileEncoding = 4; lastKnownFileType = sourcecode.swift; path = DatabaseChangesCache.swift; sourceTree = "<group>"; };
		2FF0D12F1BB4A802009467B5 /* ThreadTableViewController.swift */ = {isa = PBXFileReference; fileEncoding = 4; lastKnownFileType = sourcecode.swift; path = ThreadTableViewController.swift; sourceTree = "<group>"; };
		2FF0D1311BB4BAAB009467B5 /* GenericMailboxTableViewController.swift */ = {isa = PBXFileReference; fileEncoding = 4; lastKnownFileType = sourcecode.swift; path = GenericMailboxTableViewController.swift; sourceTree = "<group>"; };
		2FF0D1391BB4C386009467B5 /* String+Extensions.swift */ = {isa = PBXFileReference; fileEncoding = 4; lastKnownFileType = sourcecode.swift; path = "String+Extensions.swift"; sourceTree = "<group>"; };
		2FF788261BB5B05000B297D3 /* Handler.entitlements */ = {isa = PBXFileReference; lastKnownFileType = text.xml; path = Handler.entitlements; sourceTree = "<group>"; };
		2FF788381BB5C6E700B297D3 /* Enumerations.swift */ = {isa = PBXFileReference; fileEncoding = 4; lastKnownFileType = sourcecode.swift; path = Enumerations.swift; sourceTree = "<group>"; };
		2FF788431BB5CB1B00B297D3 /* MessageComposeTableViewController.swift */ = {isa = PBXFileReference; fileEncoding = 4; lastKnownFileType = sourcecode.swift; path = MessageComposeTableViewController.swift; sourceTree = "<group>"; };
		2FF8B8EB1BD4F53E00014C9E /* CurrentStatusManager.swift */ = {isa = PBXFileReference; fileEncoding = 4; lastKnownFileType = sourcecode.swift; path = CurrentStatusManager.swift; sourceTree = "<group>"; };
		DF1FD2D81B62360600A58B71 /* Handler.app */ = {isa = PBXFileReference; explicitFileType = wrapper.application; includeInIndex = 0; path = Handler.app; sourceTree = BUILT_PRODUCTS_DIR; };
		DF1FD2DC1B62360600A58B71 /* Info.plist */ = {isa = PBXFileReference; lastKnownFileType = text.plist.xml; path = Info.plist; sourceTree = "<group>"; };
		DF1FD2DD1B62360600A58B71 /* AppDelegate.swift */ = {isa = PBXFileReference; lastKnownFileType = sourcecode.swift; path = AppDelegate.swift; sourceTree = "<group>"; };
		DF1FD2E41B62360600A58B71 /* Images.xcassets */ = {isa = PBXFileReference; lastKnownFileType = folder.assetcatalog; path = Images.xcassets; sourceTree = "<group>"; };
		DF1FD2E71B62360600A58B71 /* Base */ = {isa = PBXFileReference; lastKnownFileType = file.xib; name = Base; path = Base.lproj/LaunchScreen.xib; sourceTree = "<group>"; };
/* End PBXFileReference section */

/* Begin PBXFrameworksBuildPhase section */
		2FDB86A41BD711FB0011C6C2 /* Frameworks */ = {
			isa = PBXFrameworksBuildPhase;
			buildActionMask = 2147483647;
			files = (
			);
			runOnlyForDeploymentPostprocessing = 0;
		};
		DF1FD2D51B62360600A58B71 /* Frameworks */ = {
			isa = PBXFrameworksBuildPhase;
			buildActionMask = 2147483647;
			files = (
				2FDB445F1BD3E86F0040014E /* APIKit.framework in Frameworks */,
				2FDB44601BD3E86F0040014E /* Async.framework in Frameworks */,
				2FDB44611BD3E86F0040014E /* Bond.framework in Frameworks */,
				2FDB44621BD3E86F0040014E /* DZNEmptyDataSet.framework in Frameworks */,
				2FE75EBB1BDA38F00061AE03 /* KeychainAccess.framework in Frameworks */,
				2FDB44631BD3E86F0040014E /* Kingfisher.framework in Frameworks */,
				2FDB44641BD3E86F0040014E /* Result.framework in Frameworks */,
				2FDB44651BD3E86F0040014E /* SwiftyJSON.framework in Frameworks */,
				2FDB44721BD3EB110040014E /* TwitterKit.framework in Frameworks */,
				2FA2EA871BAD9C570027EA77 /* UIKit.framework in Frameworks */,
				2FDB44761BD3EB380040014E /* Crashlytics.framework in Frameworks */,
				2FDB44741BD3EB110040014E /* TwitterCore.framework in Frameworks */,
				2FA2EA891BAD9C570027EA77 /* Accounts.framework in Frameworks */,
				2FA2EA841BAD9C570027EA77 /* CoreData.framework in Frameworks */,
				2FA2EA881BAD9C570027EA77 /* Social.framework in Frameworks */,
				2FA2EA861BAD9C570027EA77 /* CoreText.framework in Frameworks */,
				2FA2EA821BAD9C570027EA77 /* Foundation.framework in Frameworks */,
				2FDB44711BD3EB110040014E /* Fabric.framework in Frameworks */,
				2FDB44671BD3E8A70040014E /* HandlerSDK.framework in Frameworks */,
				2FA2EA831BAD9C570027EA77 /* Security.framework in Frameworks */,
				2FA2EA811BAD9C570027EA77 /* CoreGraphics.framework in Frameworks */,
				2FA2EA851BAD9C570027EA77 /* QuartzCore.framework in Frameworks */,
			);
			runOnlyForDeploymentPostprocessing = 0;
		};
/* End PBXFrameworksBuildPhase section */

/* Begin PBXGroup section */
		2F0136941BCFD6FC008BAD9D /* Intro */ = {
			isa = PBXGroup;
			children = (
				2F0136971BCFD82E008BAD9D /* IntroView.xib */,
				2F0136951BCFD744008BAD9D /* IntroViewController.swift */,
			);
			path = Intro;
			sourceTree = "<group>";
		};
		2F01369D1BD10289008BAD9D /* Contacts */ = {
			isa = PBXGroup;
			children = (
				2F01369E1BD1029A008BAD9D /* ContactsTableViewController.swift */,
			);
			path = Contacts;
			sourceTree = "<group>";
		};
		2F1D2C2E1BBBF80300A504A8 /* Alert Controllers */ = {
			isa = PBXGroup;
			children = (
				2F1D2C2F1BBBF83600A504A8 /* MessageActionsAlertController.swift */,
				2F92E7571BFB921300E5F6A2 /* ErrorPopupQueue.swift */,
			);
			path = "Alert Controllers";
			sourceTree = "<group>";
		};
		2F43E0C31BDA4A9300C68E1D /* Dsyms */ = {
			isa = PBXGroup;
			children = (
				2F43E0B31BDA4A8C00C68E1D /* APIKit.framework.dSYM */,
				2F43E0B41BDA4A8C00C68E1D /* Async.framework.dSYM */,
				2F43E0B51BDA4A8C00C68E1D /* Bond.framework.dSYM */,
				2F43E0B61BDA4A8C00C68E1D /* DZNEmptyDataSet.framework.dSYM */,
				2F43E0B71BDA4A8C00C68E1D /* KeychainAccess.framework.dSYM */,
				2F43E0B81BDA4A8C00C68E1D /* Kingfisher.framework.dSYM */,
				2F43E0B91BDA4A8C00C68E1D /* Result.framework.dSYM */,
				2F43E0BA1BDA4A8C00C68E1D /* SwiftyJSON.framework.dSYM */,
			);
			name = Dsyms;
			sourceTree = "<group>";
		};
		2F4E415C1BB0A11700AA2DEF /* Cells */ = {
			isa = PBXGroup;
			children = (
				2F09DB231BC69F3F00B81FE2 /* AttachmentThumbnailCollectionViewCell.swift */,
				2F09DB251BC6A0A300B81FE2 /* MessageAttachmentsTableViewCell.swift */,
				2F4E415D1BB0A13700AA2DEF /* MessageTableViewCell.swift */,
				2F0136A01BD10422008BAD9D /* ContactTableViewCell.swift */,
				2FEA14611BF77CC0008E31F1 /* MailBoxMenuOptionTableViewCell.swift */,
				2F7B0D021BFDCEDE0015C43A /* MessageTableViewCell.xib */,
			);
			path = Cells;
			sourceTree = "<group>";
		};
		2F7B0CFB1BFDC8660015C43A /* Formatting Plugins */ = {
			isa = PBXGroup;
			children = (
				2F7B0CFC1BFDC8910015C43A /* InboxFormatter.swift */,
				2F7B0CFE1BFDCAB30015C43A /* FormatterProtocols.swift */,
				2F7B0D001BFDCB230015C43A /* FormattingPluginProvider.swift */,
			);
			path = "Formatting Plugins";
			sourceTree = "<group>";
		};
		2F8D8CD61BCC118B0020A41C /* Actions System */ = {
			isa = PBXGroup;
			children = (
				2F8D8CE31BCC12B90020A41C /* Action Models */,
				2F8D8CE41BCC20B40020A41C /* HRActionsManager.swift */,
			);
			path = "Actions System";
			sourceTree = "<group>";
		};
		2F8D8CE31BCC12B90020A41C /* Action Models */ = {
			isa = PBXGroup;
			children = (
				2F88F1CC1BD43CF700844A90 /* HRDownloadAction+CoreDataProperties.swift */,
				2F88F1CD1BD43CF700844A90 /* HRDownloadAction.swift */,
				2F8D8CD91BCC12B30020A41C /* HRAction+CoreDataProperties.swift */,
				2F8D8CDA1BCC12B30020A41C /* HRAction.swift */,
				2F8D8CDB1BCC12B30020A41C /* HRSendAction+CoreDataProperties.swift */,
				2F8D8CDC1BCC12B30020A41C /* HRSendAction.swift */,
				2F8D8CD71BCC12B30020A41C /* HRUploadAction+CoreDataProperties.swift */,
				2F8D8CD81BCC12B30020A41C /* HRUploadAction.swift */,
			);
			path = "Action Models";
			sourceTree = "<group>";
		};
		2FA271981BB69EB300B22C8B /* CLTokenInputView */ = {
			isa = PBXGroup;
			children = (
				2FA271991BB69ED000B22C8B /* CLBackspaceDetectingTextField.h */,
				2FA2719A1BB69ED000B22C8B /* CLBackspaceDetectingTextField.m */,
				2FA2719B1BB69ED000B22C8B /* CLToken.h */,
				2FA2719C1BB69ED000B22C8B /* CLToken.m */,
				2FA2719D1BB69ED000B22C8B /* CLTokenInputView.h */,
				2FA2719E1BB69ED000B22C8B /* CLTokenInputView.m */,
				2FA2719F1BB69ED000B22C8B /* CLTokenView.h */,
				2FA271A01BB69ED000B22C8B /* CLTokenView.m */,
			);
			path = CLTokenInputView;
			sourceTree = "<group>";
		};
		2FA2EA6D1BAC4EAC0027EA77 /* Database */ = {
			isa = PBXGroup;
			children = (
				2FDDE0E21BAEA92E006C3500 /* Models */,
				2FDDE1021BAEBFE9006C3500 /* APICommunicator.swift */,
				2FA2EA6B1BAC4EA80027EA77 /* MailDatabaseManager.swift */,
				2F76D4CF1BB48F1600235A95 /* MailboxObserversManager.swift */,
				2F6112801BC12F1E0003071B /* UploadManager.swift */,
				2F88F1CA1BD43C8B00844A90 /* DownloadManager.swift */,
				2F0136A21BD10EE4008BAD9D /* TwitterAPICommunicator.swift */,
				2F0136A41BD11C87008BAD9D /* UserTwitterStatusManager.swift */,
				2FF8B8EB1BD4F53E00014C9E /* CurrentStatusManager.swift */,
				2FEA14631BF8B61D008E31F1 /* DatabaseChangesCache.swift */,
			);
			path = Database;
			sourceTree = "<group>";
		};
		2FA2EA8A1BAD9C7A0027EA77 /* View Controllers */ = {
			isa = PBXGroup;
			children = (
				2FF788421BB5CAF600B297D3 /* Composer */,
				2F01369D1BD10289008BAD9D /* Contacts */,
				2F0136941BCFD6FC008BAD9D /* Intro */,
				2FF0D1361BB4BC46009467B5 /* Login */,
				2FF0D1341BB4BC3A009467B5 /* Mail */,
				2FF0D1331BB4BC31009467B5 /* Menu */,
				2FF0D1351BB4BC40009467B5 /* Utility */,
			);
			path = "View Controllers";
			sourceTree = "<group>";
		};
		2FA2EA8F1BAD9D1F0027EA77 /* Resources */ = {
			isa = PBXGroup;
			children = (
				2FA271981BB69EB300B22C8B /* CLTokenInputView */,
				2FF0D1371BB4BC4E009467B5 /* SwipeCell */,
				2F0580561BC02FBC00600B8B /* HandlerDatabaseModel.xcdatamodel */,
				DF1FD2E41B62360600A58B71 /* Images.xcassets */,
				2FA2EA8D1BAD9CBA0027EA77 /* Main.storyboard */,
			);
			path = Resources;
			sourceTree = "<group>";
		};
		2FA2EA941BADA6240027EA77 /* Authentication */ = {
			isa = PBXGroup;
			children = (
			);
			path = Authentication;
			sourceTree = "<group>";
		};
		2FDB52021BA8BC12003C074F /* Frameworks */ = {
			isa = PBXGroup;
			children = (
				2FE75EBA1BDA38F00061AE03 /* KeychainAccess.framework */,
				2FDB44751BD3EB380040014E /* Crashlytics.framework */,
				2FDB446D1BD3EB110040014E /* Fabric.framework */,
				2FDB446E1BD3EB110040014E /* TwitterKit.framework */,
				2FDB446F1BD3EB110040014E /* TwitterKitResources.bundle */,
				2FDB44701BD3EB110040014E /* TwitterCore.framework */,
				2FDB44661BD3E8A70040014E /* HandlerSDK.framework */,
				2FDB44581BD3E86F0040014E /* APIKit.framework */,
				2FDB44591BD3E86F0040014E /* Async.framework */,
				2FDB445A1BD3E86F0040014E /* Bond.framework */,
				2FDB445B1BD3E86F0040014E /* DZNEmptyDataSet.framework */,
				2FDB445C1BD3E86F0040014E /* Kingfisher.framework */,
				2FDB445D1BD3E86F0040014E /* Result.framework */,
				2FDB445E1BD3E86F0040014E /* SwiftyJSON.framework */,
				2FB9D55D1BCAB89B0093C1DC /* CWStatusBarNotification.swift */,
				2FB9D55E1BCAB89B0093C1DC /* CWStatusBarNotificationUtils.swift */,
				2F090CBF1BC8397000F00893 /* UTI.swift */,
				2FA2EA781BAD9C570027EA77 /* CoreGraphics.framework */,
				2FA2EA791BAD9C570027EA77 /* Foundation.framework */,
				2FA2EA7A1BAD9C570027EA77 /* Security.framework */,
				2FA2EA7B1BAD9C570027EA77 /* CoreData.framework */,
				2FA2EA7C1BAD9C570027EA77 /* QuartzCore.framework */,
				2FA2EA7D1BAD9C570027EA77 /* CoreText.framework */,
				2FA2EA7E1BAD9C570027EA77 /* UIKit.framework */,
				2FA2EA7F1BAD9C570027EA77 /* Social.framework */,
				2FA2EA801BAD9C570027EA77 /* Accounts.framework */,
			);
			path = Frameworks;
			sourceTree = "<group>";
		};
		2FDB86A81BD711FB0011C6C2 /* Action Extension */ = {
			isa = PBXGroup;
			children = (
				2FDB86A91BD711FB0011C6C2 /* ActionViewController.swift */,
				2FDB86AB1BD711FB0011C6C2 /* MainInterface.storyboard */,
				2FDB86AE1BD711FB0011C6C2 /* Info.plist */,
			);
			path = "Action Extension";
			sourceTree = "<group>";
		};
		2FDDE0E21BAEA92E006C3500 /* Models */ = {
			isa = PBXGroup;
			children = (
				2FDDE0F71BAEAA27006C3500 /* Attachment+CoreDataProperties.swift */,
				2FDDE0F81BAEAA27006C3500 /* Attachment.swift */,
				2FDDE0E51BAEA957006C3500 /* Label+CoreDataProperties.swift */,
				2FDDE0E61BAEA957006C3500 /* Label.swift */,
				2FDDE0E31BAEA957006C3500 /* Message+CoreDataProperties.swift */,
				2FDDE0E41BAEA957006C3500 /* Message.swift */,
				2FDDE0E71BAEA957006C3500 /* Thread+CoreDataProperties.swift */,
				2FDDE0E81BAEA957006C3500 /* Thread.swift */,
				2FDDE0E91BAEA957006C3500 /* User+CoreDataProperties.swift */,
				2FDDE0EA1BAEA957006C3500 /* User.swift */,
			);
			path = Models;
			sourceTree = "<group>";
		};
		2FDDE0FF1BAEB270006C3500 /* Extensions */ = {
			isa = PBXGroup;
			children = (
				2F4E41601BB0AC4A00AA2DEF /* CALayer+Extensions.swift */,
				2FF788381BB5C6E700B297D3 /* Enumerations.swift */,
				2F041D531BCA7D24009985EB /* ErrorHandler.swift */,
				2F51BCA61BC9AFA80024397B /* Extensions.swift */,
				2FDDE1001BAEB5A6006C3500 /* NSDate+FromString.swift */,
				2FDDE0FD1BAEB26C006C3500 /* NSManagedObject+Convenience.swift */,
				2F81A6321BC179BF007F2D43 /* Operators.swift */,
				2FDDE1411BAF5A17006C3500 /* Protocols.swift */,
				2F4E41541BB08A3200AA2DEF /* SSASideMenu.swift */,
				2FF0D1391BB4C386009467B5 /* String+Extensions.swift */,
				2F4E41561BB0977C00AA2DEF /* UIButton+ImageFitting.swift */,
				2F994E531BB2AE8100A63B9B /* UIColor+HandlerColors.swift */,
				2FB0E9441BB5718600A0426E /* UIImage+HanderImages.swift */,
				2FDBBC8F1BB9CBC500B2BFBF /* UIView+Extensions.swift */,
			);
			path = Extensions;
			sourceTree = "<group>";
		};
		2FDDE1451BB04F8A006C3500 /* Views */ = {
			isa = PBXGroup;
			children = (
				2F1DACF11BC7EFC500FB6173 /* AddAttachmentView.xib */,
				2F09DB1E1BC69CEC00B81FE2 /* AttachmentThumbnailView.xib */,
				2F1D2C351BBC3DCA00A504A8 /* ContactCardViewController.swift */,
				2F1D2C361BBC3DCA00A504A8 /* ContactCardViewController.xib */,
				2F1D2C3D1BBC48E600A504A8 /* ErrorPopupViewController.swift */,
				2F1D2C3E1BBC48E600A504A8 /* ErrorPopupViewController.xib */,
				2F0136991BCFDA98008BAD9D /* RoundedBorderButton.swift */,
				2F1D2C391BBC477000A504A8 /* SendInvitationViewController.swift */,
				2F1D2C3A1BBC477000A504A8 /* SendInvitationViewController.xib */,
				2FDDE1461BB04FA4006C3500 /* WhiteBorderViews.swift */,
			);
			path = Views;
			sourceTree = "<group>";
		};
		2FF0D1331BB4BC31009467B5 /* Menu */ = {
			isa = PBXGroup;
			children = (
				2FB5A4461BB20A6E0087D006 /* MailBoxOptionsTableViewController.swift */,
				2F4E414C1BB061C500AA2DEF /* SideMenuViewController.swift */,
			);
			path = Menu;
			sourceTree = "<group>";
		};
		2FF0D1341BB4BC3A009467B5 /* Mail */ = {
			isa = PBXGroup;
			children = (
				2FF0D1311BB4BAAB009467B5 /* GenericMailboxTableViewController.swift */,
				2FDDE1431BB01AD3006C3500 /* InboxTableViewController.swift */,
				2F41F3131BB357B6003276E0 /* MessageDetailViewController.swift */,
				2FF0D12F1BB4A802009467B5 /* ThreadTableViewController.swift */,
			);
			path = Mail;
			sourceTree = "<group>";
		};
		2FF0D1351BB4BC40009467B5 /* Utility */ = {
			isa = PBXGroup;
			children = (
				2F4E41621BB0AC7300AA2DEF /* GradientNavigationController.swift */,
				2FDAFF781BF76AEC004CE17D /* FeaturesManager.swift */,
			);
			path = Utility;
			sourceTree = "<group>";
		};
		2FF0D1361BB4BC46009467B5 /* Login */ = {
			isa = PBXGroup;
			children = (
				2FA2EA8B1BAD9C970027EA77 /* LoginViewController.swift */,
			);
			path = Login;
			sourceTree = "<group>";
		};
		2FF0D1371BB4BC4E009467B5 /* SwipeCell */ = {
			isa = PBXGroup;
			children = (
				2F994E411BB2AE3500A63B9B /* NSMutableArray+SWUtilityButtons.h */,
				2F994E421BB2AE3500A63B9B /* NSMutableArray+SWUtilityButtons.m */,
				2F994E431BB2AE3500A63B9B /* SWCellScrollView.h */,
				2F994E441BB2AE3500A63B9B /* SWCellScrollView.m */,
				2F994E451BB2AE3500A63B9B /* SWLongPressGestureRecognizer.h */,
				2F994E461BB2AE3500A63B9B /* SWLongPressGestureRecognizer.m */,
				2F994E471BB2AE3500A63B9B /* SWTableViewCell.h */,
				2F994E481BB2AE3500A63B9B /* SWTableViewCell.m */,
				2F994E491BB2AE3500A63B9B /* SWUtilityButtonTapGestureRecognizer.h */,
				2F994E4A1BB2AE3500A63B9B /* SWUtilityButtonTapGestureRecognizer.m */,
				2F994E4B1BB2AE3500A63B9B /* SWUtilityButtonView.h */,
				2F994E4C1BB2AE3500A63B9B /* SWUtilityButtonView.m */,
			);
			path = SwipeCell;
			sourceTree = "<group>";
		};
		2FF788421BB5CAF600B297D3 /* Composer */ = {
			isa = PBXGroup;
			children = (
				2FF788431BB5CB1B00B297D3 /* MessageComposeTableViewController.swift */,
			);
			path = Composer;
			sourceTree = "<group>";
		};
		DF1FD2CF1B62360600A58B71 = {
			isa = PBXGroup;
			children = (
				2F43E0C31BDA4A9300C68E1D /* Dsyms */,
				2FDB86A81BD711FB0011C6C2 /* Action Extension */,
				2FDB52021BA8BC12003C074F /* Frameworks */,
				DF1FD2DA1B62360600A58B71 /* Handler */,
				DF1FD2D91B62360600A58B71 /* Products */,
			);
			sourceTree = "<group>";
		};
		DF1FD2D91B62360600A58B71 /* Products */ = {
			isa = PBXGroup;
			children = (
				DF1FD2D81B62360600A58B71 /* Handler.app */,
				2FDB86A71BD711FB0011C6C2 /* Action Extension.appex */,
			);
			name = Products;
			sourceTree = "<group>";
		};
		DF1FD2DA1B62360600A58B71 /* Handler */ = {
			isa = PBXGroup;
			children = (
				2F7B0CFB1BFDC8660015C43A /* Formatting Plugins */,
				2F8D8CD61BCC118B0020A41C /* Actions System */,
				2F1D2C2E1BBBF80300A504A8 /* Alert Controllers */,
				2FA2EA941BADA6240027EA77 /* Authentication */,
				2F4E415C1BB0A11700AA2DEF /* Cells */,
				2FA2EA6D1BAC4EAC0027EA77 /* Database */,
				2FDDE0FF1BAEB270006C3500 /* Extensions */,
				2FA2EA8F1BAD9D1F0027EA77 /* Resources */,
				DF1FD2DB1B62360600A58B71 /* Supporting Files */,
				2FA2EA8A1BAD9C7A0027EA77 /* View Controllers */,
				2FDDE1451BB04F8A006C3500 /* Views */,
				DF1FD2DD1B62360600A58B71 /* AppDelegate.swift */,
				2FF788261BB5B05000B297D3 /* Handler.entitlements */,
			);
			path = Handler;
			sourceTree = "<group>";
		};
		DF1FD2DB1B62360600A58B71 /* Supporting Files */ = {
			isa = PBXGroup;
			children = (
				2F8E37971BB1E91D00C6A82D /* Handler-Bridging-Header.h */,
				DF1FD2DC1B62360600A58B71 /* Info.plist */,
				DF1FD2E61B62360600A58B71 /* LaunchScreen.xib */,
			);
			path = "Supporting Files";
			sourceTree = "<group>";
		};
/* End PBXGroup section */

/* Begin PBXNativeTarget section */
		2FDB86A61BD711FB0011C6C2 /* Action Extension */ = {
			isa = PBXNativeTarget;
			buildConfigurationList = 2FDB86B21BD711FC0011C6C2 /* Build configuration list for PBXNativeTarget "Action Extension" */;
			buildPhases = (
				2FDB86A31BD711FB0011C6C2 /* Sources */,
				2FDB86A41BD711FB0011C6C2 /* Frameworks */,
				2FDB86A51BD711FB0011C6C2 /* Resources */,
			);
			buildRules = (
			);
			dependencies = (
			);
			name = "Action Extension";
			productName = "Action Extension";
			productReference = 2FDB86A71BD711FB0011C6C2 /* Action Extension.appex */;
			productType = "com.apple.product-type.app-extension";
		};
		DF1FD2D71B62360600A58B71 /* Handler */ = {
			isa = PBXNativeTarget;
			buildConfigurationList = DF1FD2F71B62360600A58B71 /* Build configuration list for PBXNativeTarget "Handler" */;
			buildPhases = (
				DF1FD2D41B62360600A58B71 /* Sources */,
				DF1FD2D51B62360600A58B71 /* Frameworks */,
				DF1FD2D61B62360600A58B71 /* Resources */,
				2F03A1FF1BAAC027003F4B1E /* Embed Frameworks */,
				2FF7881D1BB5A2F700B297D3 /* Embed Watch Content */,
				2F9472E41BC32AF200E35746 /* Strip Archs */,
				2FDB44571BD3E6EF0040014E /* Carthage Integrate */,
				2F43E0B21BDA4A6100C68E1D /* Carthage Dsyms */,
				2FDB446C1BD3EAF90040014E /* Fabric */,
				2F0BE2C61BD6B12F0086C384 /* Embed App Extensions */,
			);
			buildRules = (
			);
			dependencies = (
				2FDB86B01BD711FB0011C6C2 /* PBXTargetDependency */,
			);
			name = Handler;
			productName = Handler;
			productReference = DF1FD2D81B62360600A58B71 /* Handler.app */;
			productType = "com.apple.product-type.application";
		};
/* End PBXNativeTarget section */

/* Begin PBXProject section */
		DF1FD2D01B62360600A58B71 /* Project object */ = {
			isa = PBXProject;
			attributes = {
				LastSwiftMigration = 0700;
				LastSwiftUpdateCheck = 0700;
				LastUpgradeCheck = 0710;
				ORGANIZATIONNAME = "Handler, Inc";
				TargetAttributes = {
					2FDB86A61BD711FB0011C6C2 = {
						CreatedOnToolsVersion = 7.0.1;
						DevelopmentTeam = 2338J96222;
					};
					DF1FD2D71B62360600A58B71 = {
						CreatedOnToolsVersion = 6.4;
						DevelopmentTeam = 2338J96222;
						SystemCapabilities = {
							com.apple.ApplicationGroups.iOS = {
								enabled = 1;
							};
							com.apple.BackgroundModes = {
								enabled = 1;
							};
							com.apple.Push = {
								enabled = 1;
							};
							com.apple.iCloud = {
								enabled = 1;
							};
						};
					};
				};
			};
			buildConfigurationList = DF1FD2D31B62360600A58B71 /* Build configuration list for PBXProject "Handler" */;
			compatibilityVersion = "Xcode 3.2";
			developmentRegion = English;
			hasScannedForEncodings = 0;
			knownRegions = (
				en,
				Base,
			);
			mainGroup = DF1FD2CF1B62360600A58B71;
			productRefGroup = DF1FD2D91B62360600A58B71 /* Products */;
			projectDirPath = "";
			projectRoot = "";
			targets = (
				DF1FD2D71B62360600A58B71 /* Handler */,
				2FDB86A61BD711FB0011C6C2 /* Action Extension */,
			);
		};
/* End PBXProject section */

/* Begin PBXResourcesBuildPhase section */
		2FDB86A51BD711FB0011C6C2 /* Resources */ = {
			isa = PBXResourcesBuildPhase;
			buildActionMask = 2147483647;
			files = (
				2FDB86AD1BD711FB0011C6C2 /* MainInterface.storyboard in Resources */,
			);
			runOnlyForDeploymentPostprocessing = 0;
		};
		DF1FD2D61B62360600A58B71 /* Resources */ = {
			isa = PBXResourcesBuildPhase;
			buildActionMask = 2147483647;
			files = (
				2F43E0B11BDA4A5A00C68E1D /* LaunchScreen.xib in Resources */,
				2F1DACF21BC7EFC500FB6173 /* AddAttachmentView.xib in Resources */,
				2F1D2C401BBC48E600A504A8 /* ErrorPopupViewController.xib in Resources */,
				2F7B0D031BFDCEDE0015C43A /* MessageTableViewCell.xib in Resources */,
				2F1D2C381BBC3DCA00A504A8 /* ContactCardViewController.xib in Resources */,
				2FDB44731BD3EB110040014E /* TwitterKitResources.bundle in Resources */,
				2F09DB1F1BC69CEC00B81FE2 /* AttachmentThumbnailView.xib in Resources */,
				DF1FD2E51B62360600A58B71 /* Images.xcassets in Resources */,
				2F1D2C3C1BBC477000A504A8 /* SendInvitationViewController.xib in Resources */,
				2FA2EA8E1BAD9CBA0027EA77 /* Main.storyboard in Resources */,
				2F0136981BCFD82E008BAD9D /* IntroView.xib in Resources */,
			);
			runOnlyForDeploymentPostprocessing = 0;
		};
/* End PBXResourcesBuildPhase section */

/* Begin PBXShellScriptBuildPhase section */
		2F9472E41BC32AF200E35746 /* Strip Archs */ = {
			isa = PBXShellScriptBuildPhase;
			buildActionMask = 8;
			files = (
			);
			inputPaths = (
			);
			name = "Strip Archs";
			outputPaths = (
			);
			runOnlyForDeploymentPostprocessing = 1;
			shellPath = /bin/sh;
			shellScript = "APP_PATH=\"${TARGET_BUILD_DIR}/${WRAPPER_NAME}\"\n\n# This script loops through the frameworks embedded in the application and\n# removes unused architectures.\nfind \"$APP_PATH\" -name '*.framework' -type d | while read -r FRAMEWORK\ndo\nFRAMEWORK_EXECUTABLE_NAME=$(defaults read \"$FRAMEWORK/Info.plist\" CFBundleExecutable)\nFRAMEWORK_EXECUTABLE_PATH=\"$FRAMEWORK/$FRAMEWORK_EXECUTABLE_NAME\"\necho \"Executable is $FRAMEWORK_EXECUTABLE_PATH\"\n\nEXTRACTED_ARCHS=()\n\nfor ARCH in $ARCHS\ndo\necho \"Extracting $ARCH from $FRAMEWORK_EXECUTABLE_NAME\"\nlipo -extract \"$ARCH\" \"$FRAMEWORK_EXECUTABLE_PATH\" -o \"$FRAMEWORK_EXECUTABLE_PATH-$ARCH\"\nEXTRACTED_ARCHS+=(\"$FRAMEWORK_EXECUTABLE_PATH-$ARCH\")\ndone\n\necho \"Merging extracted architectures: ${ARCHS}\"\nlipo -o \"$FRAMEWORK_EXECUTABLE_PATH-merged\" -create \"${EXTRACTED_ARCHS[@]}\"\nrm \"${EXTRACTED_ARCHS[@]}\"\n\necho \"Replacing original executable with thinned version\"\nrm \"$FRAMEWORK_EXECUTABLE_PATH\"\nmv \"$FRAMEWORK_EXECUTABLE_PATH-merged\" \"$FRAMEWORK_EXECUTABLE_PATH\"\n\ndone";
		};
		2FDB44571BD3E6EF0040014E /* Carthage Integrate */ = {
			isa = PBXShellScriptBuildPhase;
			buildActionMask = 2147483647;
			files = (
			);
			inputPaths = (
				"$(SRCROOT)/Carthage/Build/iOS/APIKit.framework",
				"$(SRCROOT)/Carthage/Build/iOS/Async.framework",
				"$(SRCROOT)/Carthage/Build/iOS/Bond.framework",
				"$(SRCROOT)/Carthage/Build/iOS/Result.framework",
				"$(SRCROOT)/Carthage/Build/iOS/DZNEmptyDataSet.framework",
				"$(SRCROOT)/Carthage/Build/iOS/Kingfisher.framework",
				"$(SRCROOT)/Carthage/Build/iOS/SwiftyJSON.framework",
				"$(SRCROOT)/Carthage/Build/iOS/KeychainAccess.framework",
			);
			name = "Carthage Integrate";
			outputPaths = (
			);
			runOnlyForDeploymentPostprocessing = 0;
			shellPath = /bin/sh;
			shellScript = "/usr/local/bin/carthage copy-frameworks";
		};
		2FDB446C1BD3EAF90040014E /* Fabric */ = {
			isa = PBXShellScriptBuildPhase;
			buildActionMask = 2147483647;
			files = (
			);
			inputPaths = (
			);
			name = Fabric;
			outputPaths = (
			);
			runOnlyForDeploymentPostprocessing = 0;
			shellPath = /bin/sh;
			shellScript = "./Fabric.framework/run dd8212e8bbbb43c1484ba7019e4e813d4451044e 269fd9106d790cf317a301d4bf92c6dd3743434d3c337a5181ee84a8e1a10015";
		};
/* End PBXShellScriptBuildPhase section */

/* Begin PBXSourcesBuildPhase section */
		2FDB86A31BD711FB0011C6C2 /* Sources */ = {
			isa = PBXSourcesBuildPhase;
			buildActionMask = 2147483647;
			files = (
				2FDB86AA1BD711FB0011C6C2 /* ActionViewController.swift in Sources */,
			);
			runOnlyForDeploymentPostprocessing = 0;
		};
		DF1FD2D41B62360600A58B71 /* Sources */ = {
			isa = PBXSourcesBuildPhase;
			buildActionMask = 2147483647;
			files = (
				2F0136961BCFD744008BAD9D /* IntroViewController.swift in Sources */,
				2FF8B8EC1BD4F53E00014C9E /* CurrentStatusManager.swift in Sources */,
				2FA2EA8C1BAD9C970027EA77 /* LoginViewController.swift in Sources */,
				2FDDE0FA1BAEAA27006C3500 /* Attachment.swift in Sources */,
				2FDBBC901BB9CBC500B2BFBF /* UIView+Extensions.swift in Sources */,
				2F0136A51BD11C87008BAD9D /* UserTwitterStatusManager.swift in Sources */,
				2FA271A31BB69ED000B22C8B /* CLTokenInputView.m in Sources */,
				2F09DB261BC6A0A300B81FE2 /* MessageAttachmentsTableViewCell.swift in Sources */,
				2F994E521BB2AE3500A63B9B /* SWUtilityButtonView.m in Sources */,
				2F4E41611BB0AC4A00AA2DEF /* CALayer+Extensions.swift in Sources */,
				2F51BCA71BC9AFA80024397B /* Extensions.swift in Sources */,
				2FDDE0F21BAEA957006C3500 /* Thread.swift in Sources */,
				2FEA14621BF77CC0008E31F1 /* MailBoxMenuOptionTableViewCell.swift in Sources */,
				2FDDE1441BB01AD3006C3500 /* InboxTableViewController.swift in Sources */,
				2FB9D55F1BCAB89B0093C1DC /* CWStatusBarNotification.swift in Sources */,
				2F8D8CE11BCC12B30020A41C /* HRSendAction+CoreDataProperties.swift in Sources */,
				2F01369A1BCFDA98008BAD9D /* RoundedBorderButton.swift in Sources */,
				2F6112811BC12F1E0003071B /* UploadManager.swift in Sources */,
				2F88F1CB1BD43C8B00844A90 /* DownloadManager.swift in Sources */,
				2F4E414D1BB061C500AA2DEF /* SideMenuViewController.swift in Sources */,
				2F4E415E1BB0A13700AA2DEF /* MessageTableViewCell.swift in Sources */,
				2FDDE1421BAF5A17006C3500 /* Protocols.swift in Sources */,
				2F994E4E1BB2AE3500A63B9B /* SWCellScrollView.m in Sources */,
				2FA271A11BB69ED000B22C8B /* CLBackspaceDetectingTextField.m in Sources */,
				2FDDE1031BAEBFE9006C3500 /* APICommunicator.swift in Sources */,
				2FF0D1301BB4A802009467B5 /* ThreadTableViewController.swift in Sources */,
				2F8D8CDE1BCC12B30020A41C /* HRUploadAction.swift in Sources */,
				2F41F3141BB357B6003276E0 /* MessageDetailViewController.swift in Sources */,
				2F81A6331BC179BF007F2D43 /* Operators.swift in Sources */,
				2FA271A21BB69ED000B22C8B /* CLToken.m in Sources */,
				2F0136A31BD10EE4008BAD9D /* TwitterAPICommunicator.swift in Sources */,
				2FDDE1471BB04FA4006C3500 /* WhiteBorderViews.swift in Sources */,
				DF1FD2DE1B62360600A58B71 /* AppDelegate.swift in Sources */,
				2F7B0CFF1BFDCAB30015C43A /* FormatterProtocols.swift in Sources */,
				2F8D8CDD1BCC12B30020A41C /* HRUploadAction+CoreDataProperties.swift in Sources */,
				2F4E41551BB08A3200AA2DEF /* SSASideMenu.swift in Sources */,
				2FEA14641BF8B61D008E31F1 /* DatabaseChangesCache.swift in Sources */,
				2F01369F1BD1029A008BAD9D /* ContactsTableViewController.swift in Sources */,
				2FA2EA6C1BAC4EA80027EA77 /* MailDatabaseManager.swift in Sources */,
				2F76D4D01BB48F1600235A95 /* MailboxObserversManager.swift in Sources */,
				2FDDE0EE1BAEA957006C3500 /* Message.swift in Sources */,
				2FDDE0ED1BAEA957006C3500 /* Message+CoreDataProperties.swift in Sources */,
				2F7B0D011BFDCB230015C43A /* FormattingPluginProvider.swift in Sources */,
				2FF788441BB5CB1B00B297D3 /* MessageComposeTableViewController.swift in Sources */,
				2F1D2C301BBBF83600A504A8 /* MessageActionsAlertController.swift in Sources */,
				2F041D541BCA7D24009985EB /* ErrorHandler.swift in Sources */,
				2F1D2C3F1BBC48E600A504A8 /* ErrorPopupViewController.swift in Sources */,
				2FF0D13A1BB4C386009467B5 /* String+Extensions.swift in Sources */,
				2FDDE1011BAEB5A6006C3500 /* NSDate+FromString.swift in Sources */,
				2FB9D5601BCAB89B0093C1DC /* CWStatusBarNotificationUtils.swift in Sources */,
				2FDDE0F91BAEAA27006C3500 /* Attachment+CoreDataProperties.swift in Sources */,
				2F88F1CE1BD43CF700844A90 /* HRDownloadAction+CoreDataProperties.swift in Sources */,
				2F994E501BB2AE3500A63B9B /* SWTableViewCell.m in Sources */,
				2F1D2C371BBC3DCA00A504A8 /* ContactCardViewController.swift in Sources */,
				2F8D8CE51BCC20B40020A41C /* HRActionsManager.swift in Sources */,
				2F7B0CFD1BFDC8910015C43A /* InboxFormatter.swift in Sources */,
				2F88F1CF1BD43CF700844A90 /* HRDownloadAction.swift in Sources */,
				2FDDE0F31BAEA957006C3500 /* User+CoreDataProperties.swift in Sources */,
				2F4E41631BB0AC7300AA2DEF /* GradientNavigationController.swift in Sources */,
				2FB5A4471BB20A6E0087D006 /* MailBoxOptionsTableViewController.swift in Sources */,
				2F8D8CDF1BCC12B30020A41C /* HRAction+CoreDataProperties.swift in Sources */,
				2FB0E9451BB5718600A0426E /* UIImage+HanderImages.swift in Sources */,
				2F09DB241BC69F3F00B81FE2 /* AttachmentThumbnailCollectionViewCell.swift in Sources */,
				2F92E7581BFB921300E5F6A2 /* ErrorPopupQueue.swift in Sources */,
				2F994E4F1BB2AE3500A63B9B /* SWLongPressGestureRecognizer.m in Sources */,
				2F4E41571BB0977C00AA2DEF /* UIButton+ImageFitting.swift in Sources */,
				2FDDE0FE1BAEB26C006C3500 /* NSManagedObject+Convenience.swift in Sources */,
				2F090CC01BC8397000F00893 /* UTI.swift in Sources */,
				2F0580571BC02FBC00600B8B /* HandlerDatabaseModel.xcdatamodel in Sources */,
				2FDDE0F41BAEA957006C3500 /* User.swift in Sources */,
				2FDDE0F01BAEA957006C3500 /* Label.swift in Sources */,
				2F0136A11BD10422008BAD9D /* ContactTableViewCell.swift in Sources */,
				2FF788391BB5C6E700B297D3 /* Enumerations.swift in Sources */,
				2F994E541BB2AE8100A63B9B /* UIColor+HandlerColors.swift in Sources */,
				2F994E4D1BB2AE3500A63B9B /* NSMutableArray+SWUtilityButtons.m in Sources */,
				2FF0D1321BB4BAAB009467B5 /* GenericMailboxTableViewController.swift in Sources */,
				2FA271A41BB69ED000B22C8B /* CLTokenView.m in Sources */,
				2FDAFF791BF76AEC004CE17D /* FeaturesManager.swift in Sources */,
				2FDDE0EF1BAEA957006C3500 /* Label+CoreDataProperties.swift in Sources */,
				2F994E511BB2AE3500A63B9B /* SWUtilityButtonTapGestureRecognizer.m in Sources */,
				2FDDE0F11BAEA957006C3500 /* Thread+CoreDataProperties.swift in Sources */,
				2F8D8CE21BCC12B30020A41C /* HRSendAction.swift in Sources */,
				2F1D2C3B1BBC477000A504A8 /* SendInvitationViewController.swift in Sources */,
				2F8D8CE01BCC12B30020A41C /* HRAction.swift in Sources */,
			);
			runOnlyForDeploymentPostprocessing = 0;
		};
/* End PBXSourcesBuildPhase section */

/* Begin PBXTargetDependency section */
		2FDB86B01BD711FB0011C6C2 /* PBXTargetDependency */ = {
			isa = PBXTargetDependency;
			target = 2FDB86A61BD711FB0011C6C2 /* Action Extension */;
			targetProxy = 2FDB86AF1BD711FB0011C6C2 /* PBXContainerItemProxy */;
		};
/* End PBXTargetDependency section */

/* Begin PBXVariantGroup section */
		2FDB86AB1BD711FB0011C6C2 /* MainInterface.storyboard */ = {
			isa = PBXVariantGroup;
			children = (
				2FDB86AC1BD711FB0011C6C2 /* Base */,
			);
			name = MainInterface.storyboard;
			sourceTree = "<group>";
		};
		DF1FD2E61B62360600A58B71 /* LaunchScreen.xib */ = {
			isa = PBXVariantGroup;
			children = (
				DF1FD2E71B62360600A58B71 /* Base */,
			);
			name = LaunchScreen.xib;
			path = .;
			sourceTree = "<group>";
		};
/* End PBXVariantGroup section */

/* Begin XCBuildConfiguration section */
		2FDB86B31BD711FC0011C6C2 /* Debug */ = {
			isa = XCBuildConfiguration;
			buildSettings = {
				ALWAYS_SEARCH_USER_PATHS = NO;
				CLANG_ENABLE_MODULES = YES;
				CODE_SIGN_IDENTITY = "iPhone Developer";
				DEBUG_INFORMATION_FORMAT = dwarf;
				INFOPLIST_FILE = "Action Extension/Info.plist";
				IPHONEOS_DEPLOYMENT_TARGET = 9.0;
				LD_RUNPATH_SEARCH_PATHS = "$(inherited) @executable_path/Frameworks @executable_path/../../Frameworks";
				PRODUCT_BUNDLE_IDENTIFIER = "com.handler.handlerapp.Action-Extension";
				PRODUCT_NAME = "$(TARGET_NAME)";
				SKIP_INSTALL = YES;
				SWIFT_OBJC_BRIDGING_HEADER = "";
			};
			name = Debug;
		};
		2FDB86B41BD711FC0011C6C2 /* Release */ = {
			isa = XCBuildConfiguration;
			buildSettings = {
				ALWAYS_SEARCH_USER_PATHS = NO;
				CLANG_ENABLE_MODULES = YES;
				CODE_SIGN_IDENTITY = "iPhone Developer";
				INFOPLIST_FILE = "Action Extension/Info.plist";
				IPHONEOS_DEPLOYMENT_TARGET = 9.0;
				LD_RUNPATH_SEARCH_PATHS = "$(inherited) @executable_path/Frameworks @executable_path/../../Frameworks";
				PRODUCT_BUNDLE_IDENTIFIER = "com.handler.handlerapp.Action-Extension";
				PRODUCT_NAME = "$(TARGET_NAME)";
				SKIP_INSTALL = YES;
			};
			name = Release;
		};
		DF1FD2F51B62360600A58B71 /* Debug */ = {
			isa = XCBuildConfiguration;
			buildSettings = {
				CLANG_CXX_LANGUAGE_STANDARD = "gnu++0x";
				CLANG_CXX_LIBRARY = "libc++";
				CLANG_ENABLE_OBJC_ARC = YES;
				CLANG_WARN_BOOL_CONVERSION = YES;
				CLANG_WARN_CONSTANT_CONVERSION = YES;
				CLANG_WARN_DIRECT_OBJC_ISA_USAGE = YES_ERROR;
				CLANG_WARN_EMPTY_BODY = YES;
				CLANG_WARN_ENUM_CONVERSION = YES;
				CLANG_WARN_INT_CONVERSION = YES;
				CLANG_WARN_OBJC_ROOT_CLASS = YES_ERROR;
				CLANG_WARN_UNREACHABLE_CODE = YES;
				CLANG_WARN__DUPLICATE_METHOD_MATCH = YES;
				CODE_SIGN_IDENTITY = "iPhone Developer";
				COPY_PHASE_STRIP = NO;
				DEBUG_INFORMATION_FORMAT = "dwarf-with-dsym";
				ENABLE_STRICT_OBJC_MSGSEND = YES;
				ENABLE_TESTABILITY = YES;
				GCC_C_LANGUAGE_STANDARD = gnu99;
				GCC_DYNAMIC_NO_PIC = NO;
				GCC_NO_COMMON_BLOCKS = YES;
				GCC_OPTIMIZATION_LEVEL = 0;
				GCC_PREPROCESSOR_DEFINITIONS = (
					"DEBUG=1",
					"$(inherited)",
				);
				GCC_SYMBOLS_PRIVATE_EXTERN = NO;
				GCC_WARN_64_TO_32_BIT_CONVERSION = YES;
				GCC_WARN_ABOUT_RETURN_TYPE = YES_ERROR;
				GCC_WARN_UNDECLARED_SELECTOR = YES;
				GCC_WARN_UNINITIALIZED_AUTOS = YES_AGGRESSIVE;
				GCC_WARN_UNUSED_FUNCTION = YES;
				GCC_WARN_UNUSED_VARIABLE = YES;
				IPHONEOS_DEPLOYMENT_TARGET = 8.2;
				MTL_ENABLE_DEBUG_INFO = YES;
				ONLY_ACTIVE_ARCH = YES;
				SDKROOT = iphoneos;
				SWIFT_OBJC_BRIDGING_HEADER = "Handler/Handler-Bridging-Header.h";
				SWIFT_OPTIMIZATION_LEVEL = "-Onone";
			};
			name = Debug;
		};
		DF1FD2F61B62360600A58B71 /* Release */ = {
			isa = XCBuildConfiguration;
			buildSettings = {
				CLANG_CXX_LANGUAGE_STANDARD = "gnu++0x";
				CLANG_CXX_LIBRARY = "libc++";
				CLANG_ENABLE_OBJC_ARC = YES;
				CLANG_WARN_BOOL_CONVERSION = YES;
				CLANG_WARN_CONSTANT_CONVERSION = YES;
				CLANG_WARN_DIRECT_OBJC_ISA_USAGE = YES_ERROR;
				CLANG_WARN_EMPTY_BODY = YES;
				CLANG_WARN_ENUM_CONVERSION = YES;
				CLANG_WARN_INT_CONVERSION = YES;
				CLANG_WARN_OBJC_ROOT_CLASS = YES_ERROR;
				CLANG_WARN_UNREACHABLE_CODE = YES;
				CLANG_WARN__DUPLICATE_METHOD_MATCH = YES;
				CODE_SIGN_IDENTITY = "iPhone Distribution";
				COPY_PHASE_STRIP = NO;
				DEBUG_INFORMATION_FORMAT = "dwarf-with-dsym";
				ENABLE_NS_ASSERTIONS = NO;
				ENABLE_STRICT_OBJC_MSGSEND = YES;
				GCC_C_LANGUAGE_STANDARD = gnu99;
				GCC_NO_COMMON_BLOCKS = YES;
				GCC_WARN_64_TO_32_BIT_CONVERSION = YES;
				GCC_WARN_ABOUT_RETURN_TYPE = YES_ERROR;
				GCC_WARN_UNDECLARED_SELECTOR = YES;
				GCC_WARN_UNINITIALIZED_AUTOS = YES_AGGRESSIVE;
				GCC_WARN_UNUSED_FUNCTION = YES;
				GCC_WARN_UNUSED_VARIABLE = YES;
				IPHONEOS_DEPLOYMENT_TARGET = 8.2;
				MTL_ENABLE_DEBUG_INFO = NO;
				SDKROOT = iphoneos;
				VALIDATE_PRODUCT = YES;
			};
			name = Release;
		};
		DF1FD2F81B62360600A58B71 /* Debug */ = {
			isa = XCBuildConfiguration;
			buildSettings = {
				ASSETCATALOG_COMPILER_APPICON_NAME = AppIcon;
				CLANG_ENABLE_MODULES = YES;
				CODE_SIGN_ENTITLEMENTS = Handler/Handler.entitlements;
				CODE_SIGN_IDENTITY = "iPhone Developer";
				CURRENT_PROJECT_VERSION = 11;
				EMBEDDED_CONTENT_CONTAINS_SWIFT = YES;
				ENABLE_BITCODE = NO;
				FRAMEWORK_SEARCH_PATHS = (
					"$(PROJECT_DIR)",
					"$(SRCROOT)",
					"$(PROJECT_DIR)/Carthage/Build/iOS",
					"$(PROJECT_DIR)/Frameworks",
				);
				INFOPLIST_FILE = "Handler/Supporting Files/Info.plist";
				IPHONEOS_DEPLOYMENT_TARGET = 8.2;
				LD_RUNPATH_SEARCH_PATHS = "$(inherited) @executable_path/Frameworks";
				OTHER_LDFLAGS = "-ObjC";
				PRODUCT_BUNDLE_IDENTIFIER = com.handler.handlerapp;
				PRODUCT_NAME = "$(TARGET_NAME)";
				SWIFT_OBJC_BRIDGING_HEADER = "Handler/Supporting Files/Handler-Bridging-Header.h";
				SWIFT_OPTIMIZATION_LEVEL = "-Onone";
				TARGETED_DEVICE_FAMILY = "1,2";
			};
			name = Debug;
		};
		DF1FD2F91B62360600A58B71 /* Release */ = {
			isa = XCBuildConfiguration;
			buildSettings = {
				ASSETCATALOG_COMPILER_APPICON_NAME = AppIcon;
				CLANG_ENABLE_MODULES = YES;
				CODE_SIGN_ENTITLEMENTS = Handler/Handler.entitlements;
				CODE_SIGN_IDENTITY = "iPhone Developer";
				CURRENT_PROJECT_VERSION = 11;
				EMBEDDED_CONTENT_CONTAINS_SWIFT = YES;
				ENABLE_BITCODE = NO;
				FRAMEWORK_SEARCH_PATHS = (
					"$(PROJECT_DIR)",
					"$(SRCROOT)",
					"$(PROJECT_DIR)/Carthage/Build/iOS",
					"$(PROJECT_DIR)/Frameworks",
				);
				INFOPLIST_FILE = "Handler/Supporting Files/Info.plist";
				IPHONEOS_DEPLOYMENT_TARGET = 8.2;
				LD_RUNPATH_SEARCH_PATHS = "$(inherited) @executable_path/Frameworks";
				OTHER_LDFLAGS = "-ObjC";
				PRODUCT_BUNDLE_IDENTIFIER = com.handler.handlerapp;
				PRODUCT_NAME = "$(TARGET_NAME)";
				SWIFT_OBJC_BRIDGING_HEADER = "Handler/Supporting Files/Handler-Bridging-Header.h";
				TARGETED_DEVICE_FAMILY = "1,2";
			};
			name = Release;
		};
/* End XCBuildConfiguration section */

/* Begin XCConfigurationList section */
		2FDB86B21BD711FC0011C6C2 /* Build configuration list for PBXNativeTarget "Action Extension" */ = {
			isa = XCConfigurationList;
			buildConfigurations = (
				2FDB86B31BD711FC0011C6C2 /* Debug */,
				2FDB86B41BD711FC0011C6C2 /* Release */,
			);
			defaultConfigurationIsVisible = 0;
			defaultConfigurationName = Release;
		};
		DF1FD2D31B62360600A58B71 /* Build configuration list for PBXProject "Handler" */ = {
			isa = XCConfigurationList;
			buildConfigurations = (
				DF1FD2F51B62360600A58B71 /* Debug */,
				DF1FD2F61B62360600A58B71 /* Release */,
			);
			defaultConfigurationIsVisible = 0;
			defaultConfigurationName = Release;
		};
		DF1FD2F71B62360600A58B71 /* Build configuration list for PBXNativeTarget "Handler" */ = {
			isa = XCConfigurationList;
			buildConfigurations = (
				DF1FD2F81B62360600A58B71 /* Debug */,
				DF1FD2F91B62360600A58B71 /* Release */,
			);
			defaultConfigurationIsVisible = 0;
			defaultConfigurationName = Release;
		};
/* End XCConfigurationList section */
	};
	rootObject = DF1FD2D01B62360600A58B71 /* Project object */;
}
