// !$*UTF8*$!
{
	archiveVersion = 1;
	classes = {
	};
	objectVersion = 46;
	objects = {

/* Begin PBXBuildFile section */
		2F03A1FD1BAAC027003F4B1E /* HandlerSDK.framework in Frameworks */ = {isa = PBXBuildFile; fileRef = 2F03A1FC1BAAC027003F4B1E /* HandlerSDK.framework */; };
		2F03A1FE1BAAC027003F4B1E /* HandlerSDK.framework in Embed Frameworks */ = {isa = PBXBuildFile; fileRef = 2F03A1FC1BAAC027003F4B1E /* HandlerSDK.framework */; settings = {ATTRIBUTES = (CodeSignOnCopy, RemoveHeadersOnCopy, ); }; };
		2FDB52071BA8BC1D003C074F /* Fabric.framework in Frameworks */ = {isa = PBXBuildFile; fileRef = 2FDB52031BA8BC1D003C074F /* Fabric.framework */; settings = {ASSET_TAGS = (); }; };
		2FDB52081BA8BC1D003C074F /* TwitterKit.framework in Frameworks */ = {isa = PBXBuildFile; fileRef = 2FDB52041BA8BC1D003C074F /* TwitterKit.framework */; settings = {ASSET_TAGS = (); }; };
		2FDB52091BA8BC1D003C074F /* TwitterKitResources.bundle in Resources */ = {isa = PBXBuildFile; fileRef = 2FDB52051BA8BC1D003C074F /* TwitterKitResources.bundle */; settings = {ASSET_TAGS = (); }; };
		2FDB520A1BA8BC1D003C074F /* TwitterCore.framework in Frameworks */ = {isa = PBXBuildFile; fileRef = 2FDB52061BA8BC1D003C074F /* TwitterCore.framework */; settings = {ASSET_TAGS = (); }; };
		DF1FD2DE1B62360600A58B71 /* AppDelegate.swift in Sources */ = {isa = PBXBuildFile; fileRef = DF1FD2DD1B62360600A58B71 /* AppDelegate.swift */; };
		DF1FD2E51B62360600A58B71 /* Images.xcassets in Resources */ = {isa = PBXBuildFile; fileRef = DF1FD2E41B62360600A58B71 /* Images.xcassets */; };
		DF1FD2E81B62360600A58B71 /* LaunchScreen.xib in Resources */ = {isa = PBXBuildFile; fileRef = DF1FD2E61B62360600A58B71 /* LaunchScreen.xib */; };
		DF1FD2F41B62360600A58B71 /* HandlerTests.swift in Sources */ = {isa = PBXBuildFile; fileRef = DF1FD2F31B62360600A58B71 /* HandlerTests.swift */; };
/* End PBXBuildFile section */

/* Begin PBXContainerItemProxy section */
		DF1FD2EE1B62360600A58B71 /* PBXContainerItemProxy */ = {
			isa = PBXContainerItemProxy;
			containerPortal = DF1FD2D01B62360600A58B71 /* Project object */;
			proxyType = 1;
			remoteGlobalIDString = DF1FD2D71B62360600A58B71;
			remoteInfo = Handler;
		};
/* End PBXContainerItemProxy section */

/* Begin PBXCopyFilesBuildPhase section */
		2F03A1FF1BAAC027003F4B1E /* Embed Frameworks */ = {
			isa = PBXCopyFilesBuildPhase;
			buildActionMask = 2147483647;
			dstPath = "";
			dstSubfolderSpec = 10;
			files = (
				2F03A1FE1BAAC027003F4B1E /* HandlerSDK.framework in Embed Frameworks */,
			);
			name = "Embed Frameworks";
			runOnlyForDeploymentPostprocessing = 0;
		};
/* End PBXCopyFilesBuildPhase section */

/* Begin PBXFileReference section */
		2F03A1FC1BAAC027003F4B1E /* HandlerSDK.framework */ = {isa = PBXFileReference; explicitFileType = wrapper.framework; name = HandlerSDK.framework; path = "/Users/christianpraiss/Library/Developer/Xcode/DerivedData/Handler_iOS-dtridrvduqyygkfyedcesryqwjjj/Build/Products/Debug-iphoneos/HandlerSDK.framework"; sourceTree = "<absolute>"; };
		2FDB52031BA8BC1D003C074F /* Fabric.framework */ = {isa = PBXFileReference; lastKnownFileType = wrapper.framework; path = Fabric.framework; sourceTree = "<group>"; };
		2FDB52041BA8BC1D003C074F /* TwitterKit.framework */ = {isa = PBXFileReference; lastKnownFileType = wrapper.framework; path = TwitterKit.framework; sourceTree = "<group>"; };
		2FDB52051BA8BC1D003C074F /* TwitterKitResources.bundle */ = {isa = PBXFileReference; lastKnownFileType = "wrapper.plug-in"; name = TwitterKitResources.bundle; path = TwitterKit.framework/Versions/A/Resources/TwitterKitResources.bundle; sourceTree = "<group>"; };
		2FDB52061BA8BC1D003C074F /* TwitterCore.framework */ = {isa = PBXFileReference; lastKnownFileType = wrapper.framework; path = TwitterCore.framework; sourceTree = "<group>"; };
		DF1FD2D81B62360600A58B71 /* Handler.app */ = {isa = PBXFileReference; explicitFileType = wrapper.application; includeInIndex = 0; path = Handler.app; sourceTree = BUILT_PRODUCTS_DIR; };
		DF1FD2DC1B62360600A58B71 /* Info.plist */ = {isa = PBXFileReference; lastKnownFileType = text.plist.xml; path = Info.plist; sourceTree = "<group>"; };
		DF1FD2DD1B62360600A58B71 /* AppDelegate.swift */ = {isa = PBXFileReference; lastKnownFileType = sourcecode.swift; path = AppDelegate.swift; sourceTree = "<group>"; };
		DF1FD2E41B62360600A58B71 /* Images.xcassets */ = {isa = PBXFileReference; lastKnownFileType = folder.assetcatalog; path = Images.xcassets; sourceTree = "<group>"; };
		DF1FD2E71B62360600A58B71 /* Base */ = {isa = PBXFileReference; lastKnownFileType = file.xib; name = Base; path = Base.lproj/LaunchScreen.xib; sourceTree = "<group>"; };
		DF1FD2ED1B62360600A58B71 /* HandlerTests.xctest */ = {isa = PBXFileReference; explicitFileType = wrapper.cfbundle; includeInIndex = 0; path = HandlerTests.xctest; sourceTree = BUILT_PRODUCTS_DIR; };
		DF1FD2F21B62360600A58B71 /* Info.plist */ = {isa = PBXFileReference; lastKnownFileType = text.plist.xml; path = Info.plist; sourceTree = "<group>"; };
		DF1FD2F31B62360600A58B71 /* HandlerTests.swift */ = {isa = PBXFileReference; lastKnownFileType = sourcecode.swift; path = HandlerTests.swift; sourceTree = "<group>"; };
/* End PBXFileReference section */

/* Begin PBXFrameworksBuildPhase section */
		DF1FD2D51B62360600A58B71 /* Frameworks */ = {
			isa = PBXFrameworksBuildPhase;
			buildActionMask = 2147483647;
			files = (
				2F03A1FD1BAAC027003F4B1E /* HandlerSDK.framework in Frameworks */,
				2FDB520A1BA8BC1D003C074F /* TwitterCore.framework in Frameworks */,
				2FDB52071BA8BC1D003C074F /* Fabric.framework in Frameworks */,
				2FDB52081BA8BC1D003C074F /* TwitterKit.framework in Frameworks */,
			);
			runOnlyForDeploymentPostprocessing = 0;
		};
		DF1FD2EA1B62360600A58B71 /* Frameworks */ = {
			isa = PBXFrameworksBuildPhase;
			buildActionMask = 2147483647;
			files = (
			);
			runOnlyForDeploymentPostprocessing = 0;
		};
/* End PBXFrameworksBuildPhase section */

/* Begin PBXGroup section */
		2FDB52021BA8BC12003C074F /* Frameworks */ = {
			isa = PBXGroup;
			children = (
				2FDB52031BA8BC1D003C074F /* Fabric.framework */,
				2FDB52041BA8BC1D003C074F /* TwitterKit.framework */,
				2FDB52051BA8BC1D003C074F /* TwitterKitResources.bundle */,
				2FDB52061BA8BC1D003C074F /* TwitterCore.framework */,
			);
			name = Frameworks;
			sourceTree = "<group>";
		};
		DF1FD2CF1B62360600A58B71 = {
			isa = PBXGroup;
			children = (
				2F03A1FC1BAAC027003F4B1E /* HandlerSDK.framework */,
				DF1FD2DA1B62360600A58B71 /* Handler */,
				DF1FD2F01B62360600A58B71 /* HandlerTests */,
				2FDB52021BA8BC12003C074F /* Frameworks */,
				DF1FD2D91B62360600A58B71 /* Products */,
			);
			sourceTree = "<group>";
		};
		DF1FD2D91B62360600A58B71 /* Products */ = {
			isa = PBXGroup;
			children = (
				DF1FD2D81B62360600A58B71 /* Handler.app */,
				DF1FD2ED1B62360600A58B71 /* HandlerTests.xctest */,
			);
			name = Products;
			sourceTree = "<group>";
		};
		DF1FD2DA1B62360600A58B71 /* Handler */ = {
			isa = PBXGroup;
			children = (
				DF1FD2DD1B62360600A58B71 /* AppDelegate.swift */,
				DF1FD2E41B62360600A58B71 /* Images.xcassets */,
				DF1FD2E61B62360600A58B71 /* LaunchScreen.xib */,
				DF1FD2DB1B62360600A58B71 /* Supporting Files */,
			);
			path = Handler;
			sourceTree = "<group>";
		};
		DF1FD2DB1B62360600A58B71 /* Supporting Files */ = {
			isa = PBXGroup;
			children = (
				DF1FD2DC1B62360600A58B71 /* Info.plist */,
			);
			name = "Supporting Files";
			sourceTree = "<group>";
		};
		DF1FD2F01B62360600A58B71 /* HandlerTests */ = {
			isa = PBXGroup;
			children = (
				DF1FD2F31B62360600A58B71 /* HandlerTests.swift */,
				DF1FD2F11B62360600A58B71 /* Supporting Files */,
			);
			path = HandlerTests;
			sourceTree = "<group>";
		};
		DF1FD2F11B62360600A58B71 /* Supporting Files */ = {
			isa = PBXGroup;
			children = (
				DF1FD2F21B62360600A58B71 /* Info.plist */,
			);
			name = "Supporting Files";
			sourceTree = "<group>";
		};
/* End PBXGroup section */

/* Begin PBXNativeTarget section */
		DF1FD2D71B62360600A58B71 /* Handler */ = {
			isa = PBXNativeTarget;
			buildConfigurationList = DF1FD2F71B62360600A58B71 /* Build configuration list for PBXNativeTarget "Handler" */;
			buildPhases = (
				DF1FD2D41B62360600A58B71 /* Sources */,
				DF1FD2D51B62360600A58B71 /* Frameworks */,
				DF1FD2D61B62360600A58B71 /* Resources */,
				2F03A1FF1BAAC027003F4B1E /* Embed Frameworks */,
			);
			buildRules = (
			);
			dependencies = (
			);
			name = Handler;
			productName = Handler;
			productReference = DF1FD2D81B62360600A58B71 /* Handler.app */;
			productType = "com.apple.product-type.application";
		};
		DF1FD2EC1B62360600A58B71 /* HandlerTests */ = {
			isa = PBXNativeTarget;
			buildConfigurationList = DF1FD2FA1B62360600A58B71 /* Build configuration list for PBXNativeTarget "HandlerTests" */;
			buildPhases = (
				DF1FD2E91B62360600A58B71 /* Sources */,
				DF1FD2EA1B62360600A58B71 /* Frameworks */,
				DF1FD2EB1B62360600A58B71 /* Resources */,
			);
			buildRules = (
			);
			dependencies = (
				DF1FD2EF1B62360600A58B71 /* PBXTargetDependency */,
			);
			name = HandlerTests;
			productName = HandlerTests;
			productReference = DF1FD2ED1B62360600A58B71 /* HandlerTests.xctest */;
			productType = "com.apple.product-type.bundle.unit-test";
		};
/* End PBXNativeTarget section */

/* Begin PBXProject section */
		DF1FD2D01B62360600A58B71 /* Project object */ = {
			isa = PBXProject;
			attributes = {
				LastSwiftMigration = 0700;
				LastSwiftUpdateCheck = 0700;
				LastUpgradeCheck = 0700;
				ORGANIZATIONNAME = "Handler, Inc";
				TargetAttributes = {
					DF1FD2D71B62360600A58B71 = {
						CreatedOnToolsVersion = 6.4;
					};
					DF1FD2EC1B62360600A58B71 = {
						CreatedOnToolsVersion = 6.4;
						TestTargetID = DF1FD2D71B62360600A58B71;
					};
				};
			};
			buildConfigurationList = DF1FD2D31B62360600A58B71 /* Build configuration list for PBXProject "Handler" */;
			compatibilityVersion = "Xcode 3.2";
			developmentRegion = English;
			hasScannedForEncodings = 0;
			knownRegions = (
				en,
				Base,
			);
			mainGroup = DF1FD2CF1B62360600A58B71;
			productRefGroup = DF1FD2D91B62360600A58B71 /* Products */;
			projectDirPath = "";
			projectRoot = "";
			targets = (
				DF1FD2D71B62360600A58B71 /* Handler */,
				DF1FD2EC1B62360600A58B71 /* HandlerTests */,
			);
		};
/* End PBXProject section */

/* Begin PBXResourcesBuildPhase section */
		DF1FD2D61B62360600A58B71 /* Resources */ = {
			isa = PBXResourcesBuildPhase;
			buildActionMask = 2147483647;
			files = (
				DF1FD2E81B62360600A58B71 /* LaunchScreen.xib in Resources */,
				2FDB52091BA8BC1D003C074F /* TwitterKitResources.bundle in Resources */,
				DF1FD2E51B62360600A58B71 /* Images.xcassets in Resources */,
			);
			runOnlyForDeploymentPostprocessing = 0;
		};
		DF1FD2EB1B62360600A58B71 /* Resources */ = {
			isa = PBXResourcesBuildPhase;
			buildActionMask = 2147483647;
			files = (
			);
			runOnlyForDeploymentPostprocessing = 0;
		};
/* End PBXResourcesBuildPhase section */

/* Begin PBXSourcesBuildPhase section */
		DF1FD2D41B62360600A58B71 /* Sources */ = {
			isa = PBXSourcesBuildPhase;
			buildActionMask = 2147483647;
			files = (
				DF1FD2DE1B62360600A58B71 /* AppDelegate.swift in Sources */,
			);
			runOnlyForDeploymentPostprocessing = 0;
		};
		DF1FD2E91B62360600A58B71 /* Sources */ = {
			isa = PBXSourcesBuildPhase;
			buildActionMask = 2147483647;
			files = (
				DF1FD2F41B62360600A58B71 /* HandlerTests.swift in Sources */,
			);
			runOnlyForDeploymentPostprocessing = 0;
		};
/* End PBXSourcesBuildPhase section */

/* Begin PBXTargetDependency section */
		DF1FD2EF1B62360600A58B71 /* PBXTargetDependency */ = {
			isa = PBXTargetDependency;
			target = DF1FD2D71B62360600A58B71 /* Handler */;
			targetProxy = DF1FD2EE1B62360600A58B71 /* PBXContainerItemProxy */;
		};
/* End PBXTargetDependency section */

/* Begin PBXVariantGroup section */
		DF1FD2E61B62360600A58B71 /* LaunchScreen.xib */ = {
			isa = PBXVariantGroup;
			children = (
				DF1FD2E71B62360600A58B71 /* Base */,
			);
			name = LaunchScreen.xib;
			sourceTree = "<group>";
		};
/* End PBXVariantGroup section */

/* Begin XCBuildConfiguration section */
		DF1FD2F51B62360600A58B71 /* Debug */ = {
			isa = XCBuildConfiguration;
			buildSettings = {
				CLANG_CXX_LANGUAGE_STANDARD = "gnu++0x";
				CLANG_CXX_LIBRARY = "libc++";
				CLANG_ENABLE_OBJC_ARC = YES;
				CLANG_WARN_BOOL_CONVERSION = YES;
				CLANG_WARN_CONSTANT_CONVERSION = YES;
				CLANG_WARN_DIRECT_OBJC_ISA_USAGE = YES_ERROR;
				CLANG_WARN_EMPTY_BODY = YES;
				CLANG_WARN_ENUM_CONVERSION = YES;
				CLANG_WARN_INT_CONVERSION = YES;
				CLANG_WARN_OBJC_ROOT_CLASS = YES_ERROR;
				CLANG_WARN_UNREACHABLE_CODE = YES;
				CLANG_WARN__DUPLICATE_METHOD_MATCH = YES;
				"CODE_SIGN_IDENTITY[sdk=iphoneos*]" = "iPhone Developer";
				COPY_PHASE_STRIP = NO;
				DEBUG_INFORMATION_FORMAT = "dwarf-with-dsym";
				ENABLE_STRICT_OBJC_MSGSEND = YES;
				ENABLE_TESTABILITY = YES;
				GCC_C_LANGUAGE_STANDARD = gnu99;
				GCC_DYNAMIC_NO_PIC = NO;
				GCC_NO_COMMON_BLOCKS = YES;
				GCC_OPTIMIZATION_LEVEL = 0;
				GCC_PREPROCESSOR_DEFINITIONS = (
					"DEBUG=1",
					"$(inherited)",
				);
				GCC_SYMBOLS_PRIVATE_EXTERN = NO;
				GCC_WARN_64_TO_32_BIT_CONVERSION = YES;
				GCC_WARN_ABOUT_RETURN_TYPE = YES_ERROR;
				GCC_WARN_UNDECLARED_SELECTOR = YES;
				GCC_WARN_UNINITIALIZED_AUTOS = YES_AGGRESSIVE;
				GCC_WARN_UNUSED_FUNCTION = YES;
				GCC_WARN_UNUSED_VARIABLE = YES;
				IPHONEOS_DEPLOYMENT_TARGET = 8.0;
				MTL_ENABLE_DEBUG_INFO = YES;
				ONLY_ACTIVE_ARCH = YES;
				SDKROOT = iphoneos;
				SWIFT_OPTIMIZATION_LEVEL = "-Onone";
			};
			name = Debug;
		};
		DF1FD2F61B62360600A58B71 /* Release */ = {
			isa = XCBuildConfiguration;
			buildSettings = {
				CLANG_CXX_LANGUAGE_STANDARD = "gnu++0x";
				CLANG_CXX_LIBRARY = "libc++";
				CLANG_ENABLE_OBJC_ARC = YES;
				CLANG_WARN_BOOL_CONVERSION = YES;
				CLANG_WARN_CONSTANT_CONVERSION = YES;
				CLANG_WARN_DIRECT_OBJC_ISA_USAGE = YES_ERROR;
				CLANG_WARN_EMPTY_BODY = YES;
				CLANG_WARN_ENUM_CONVERSION = YES;
				CLANG_WARN_INT_CONVERSION = YES;
				CLANG_WARN_OBJC_ROOT_CLASS = YES_ERROR;
				CLANG_WARN_UNREACHABLE_CODE = YES;
				CLANG_WARN__DUPLICATE_METHOD_MATCH = YES;
				"CODE_SIGN_IDENTITY[sdk=iphoneos*]" = "iPhone Developer";
				COPY_PHASE_STRIP = NO;
				DEBUG_INFORMATION_FORMAT = "dwarf-with-dsym";
				ENABLE_NS_ASSERTIONS = NO;
				ENABLE_STRICT_OBJC_MSGSEND = YES;
				GCC_C_LANGUAGE_STANDARD = gnu99;
				GCC_NO_COMMON_BLOCKS = YES;
				GCC_WARN_64_TO_32_BIT_CONVERSION = YES;
				GCC_WARN_ABOUT_RETURN_TYPE = YES_ERROR;
				GCC_WARN_UNDECLARED_SELECTOR = YES;
				GCC_WARN_UNINITIALIZED_AUTOS = YES_AGGRESSIVE;
				GCC_WARN_UNUSED_FUNCTION = YES;
				GCC_WARN_UNUSED_VARIABLE = YES;
				IPHONEOS_DEPLOYMENT_TARGET = 8.0;
				MTL_ENABLE_DEBUG_INFO = NO;
				SDKROOT = iphoneos;
				VALIDATE_PRODUCT = YES;
			};
			name = Release;
		};
		DF1FD2F81B62360600A58B71 /* Debug */ = {
			isa = XCBuildConfiguration;
			buildSettings = {
				ASSETCATALOG_COMPILER_APPICON_NAME = AppIcon;
				FRAMEWORK_SEARCH_PATHS = (
					"$(PROJECT_DIR)",
					"$(SRCROOT)",
				);
				INFOPLIST_FILE = Handler/Info.plist;
				IPHONEOS_DEPLOYMENT_TARGET = 8.0;
				LD_RUNPATH_SEARCH_PATHS = "$(inherited) @executable_path/Frameworks";
				PRODUCT_BUNDLE_IDENTIFIER = "com.handlerapp.$(PRODUCT_NAME:rfc1034identifier)";
				PRODUCT_NAME = "$(TARGET_NAME)";
			};
			name = Debug;
		};
		DF1FD2F91B62360600A58B71 /* Release */ = {
			isa = XCBuildConfiguration;
			buildSettings = {
				ASSETCATALOG_COMPILER_APPICON_NAME = AppIcon;
				FRAMEWORK_SEARCH_PATHS = (
					"$(PROJECT_DIR)",
					"$(SRCROOT)",
				);
				INFOPLIST_FILE = Handler/Info.plist;
				IPHONEOS_DEPLOYMENT_TARGET = 8.0;
				LD_RUNPATH_SEARCH_PATHS = "$(inherited) @executable_path/Frameworks";
				PRODUCT_BUNDLE_IDENTIFIER = "com.handlerapp.$(PRODUCT_NAME:rfc1034identifier)";
				PRODUCT_NAME = "$(TARGET_NAME)";
			};
			name = Release;
		};
		DF1FD2FB1B62360600A58B71 /* Debug */ = {
			isa = XCBuildConfiguration;
			buildSettings = {
				BUNDLE_LOADER = "$(TEST_HOST)";
				FRAMEWORK_SEARCH_PATHS = "$(inherited)";
				GCC_PREPROCESSOR_DEFINITIONS = (
					"DEBUG=1",
					"$(inherited)",
				);
				INFOPLIST_FILE = HandlerTests/Info.plist;
				LD_RUNPATH_SEARCH_PATHS = "$(inherited) @executable_path/Frameworks @loader_path/Frameworks";
				PRODUCT_BUNDLE_IDENTIFIER = "com.handlerapp.$(PRODUCT_NAME:rfc1034identifier)";
				PRODUCT_NAME = "$(TARGET_NAME)";
				TEST_HOST = "$(BUILT_PRODUCTS_DIR)/Handler.app/Handler";
			};
			name = Debug;
		};
		DF1FD2FC1B62360600A58B71 /* Release */ = {
			isa = XCBuildConfiguration;
			buildSettings = {
				BUNDLE_LOADER = "$(TEST_HOST)";
				FRAMEWORK_SEARCH_PATHS = "$(inherited)";
				INFOPLIST_FILE = HandlerTests/Info.plist;
				LD_RUNPATH_SEARCH_PATHS = "$(inherited) @executable_path/Frameworks @loader_path/Frameworks";
				PRODUCT_BUNDLE_IDENTIFIER = "com.handlerapp.$(PRODUCT_NAME:rfc1034identifier)";
				PRODUCT_NAME = "$(TARGET_NAME)";
				TEST_HOST = "$(BUILT_PRODUCTS_DIR)/Handler.app/Handler";
			};
			name = Release;
		};
/* End XCBuildConfiguration section */

/* Begin XCConfigurationList section */
		DF1FD2D31B62360600A58B71 /* Build configuration list for PBXProject "Handler" */ = {
			isa = XCConfigurationList;
			buildConfigurations = (
				DF1FD2F51B62360600A58B71 /* Debug */,
				DF1FD2F61B62360600A58B71 /* Release */,
			);
			defaultConfigurationIsVisible = 0;
			defaultConfigurationName = Release;
		};
		DF1FD2F71B62360600A58B71 /* Build configuration list for PBXNativeTarget "Handler" */ = {
			isa = XCConfigurationList;
			buildConfigurations = (
				DF1FD2F81B62360600A58B71 /* Debug */,
				DF1FD2F91B62360600A58B71 /* Release */,
			);
			defaultConfigurationIsVisible = 0;
			defaultConfigurationName = Release;
		};
		DF1FD2FA1B62360600A58B71 /* Build configuration list for PBXNativeTarget "HandlerTests" */ = {
			isa = XCConfigurationList;
			buildConfigurations = (
				DF1FD2FB1B62360600A58B71 /* Debug */,
				DF1FD2FC1B62360600A58B71 /* Release */,
			);
			defaultConfigurationIsVisible = 0;
			defaultConfigurationName = Release;
		};
/* End XCConfigurationList section */
	};
	rootObject = DF1FD2D01B62360600A58B71 /* Project object */;
}
